PODS:
  - AFNetworking (1.3.4)
  - Expecta (0.2.3)
  - ISO8601DateFormatterValueTransformer (0.6.0):
    - RKValueTransformers (~> 1.1.0)
  - OCHamcrest (3.0.1)
  - OCMock (2.2.1)
  - RestKit (0.23.0):
    - RestKit/Core
  - RestKit/Core (0.23.0):
    - RestKit/CoreData
    - RestKit/Network
    - RestKit/ObjectMapping
  - RestKit/CoreData (0.23.0)
  - RestKit/Network (0.23.0):
    - AFNetworking (~> 1.3.0)
    - RestKit/ObjectMapping
    - RestKit/Support
    - SOCKit
  - RestKit/ObjectMapping (0.23.0):
    - ISO8601DateFormatterValueTransformer (~> 0.6.0)
    - RestKit/Support
    - RKValueTransformers (~> 1.1.0)
  - RestKit/Search (0.23.0):
    - RestKit/CoreData
  - RestKit/Support (0.23.0):
    - TransitionKit (= 2.1.0)
  - RestKit/Testing (0.23.0)
  - RKCLLocationValueTransformer (1.1.0):
    - RKValueTransformers (~> 1.1.0)
  - RKValueTransformers (1.1.0)
  - SOCKit (1.1)
  - Specta (0.2.1)
  - TransitionKit (2.1.0)

DEPENDENCIES:
  - Expecta (= 0.2.3)
  - OCHamcrest (= 3.0.1)
  - OCMock (= 2.2.1)
  - RestKit (from `.`)
  - RestKit/Search (from `.`)
  - RestKit/Testing (from `.`)
  - RKCLLocationValueTransformer (~> 1.1.0)
  - Specta (= 0.2.1)

EXTERNAL SOURCES:
  RestKit:
    :path: .

SPEC CHECKSUMS:
  AFNetworking: e403d4333a4e1956cb3fe42364c3c879f820c9a0
  Expecta: 2434bb2e2b3b1814280ec5d9a11359433d035975
  ISO8601DateFormatterValueTransformer: db1acb188ffb0f87109a793977f750067c351efe
  OCHamcrest: 782c52ae8c673e5d6060a65005cfd26d20d519ba
  OCMock: 37ba3d58d9240692975521ea6daec75156f211cd
  RestKit: a15e15642b3694a7ec67949382b4c25846adebad
  RKCLLocationValueTransformer: f5bf039494ae8757e7e6f6bc2aa9fe9ebdc487c7
  RKValueTransformers: 286c8280b6f2570032d87d119863f32bc227799b
  SOCKit: 8871d058926a6c6cc144f0c5eee82c5d0ec274a3
  Specta: 2d06220591110c6d9757d8be8ecf8e63aa40dc2a
  TransitionKit: 60b6a2cd9370e471c960b2cdf23b0b2593867625

COCOAPODS: 0.32.1
