PODS:
  - Expecta (0.2.1)
  - OCHamcrest (2.1.0)
  - OCMock (2.1.1)
  - Specta (0.1.9)

DEPENDENCIES:
  - Expecta (= 0.2.1)
  - OCHamcrest (= 2.1.0)
  - OCMock (= 2.1.1)
  - Specta (= 0.1.9)

SPEC CHECKSUMS:
  Expecta: d46fb1bd78c90a83da0158b9b1e108de106e369f
  OCHamcrest: 96f5cb58fa0fd4b3609d37fe21e5246b259bba2a
  OCMock: 79212e5e328378af5cfd6edb5feacfd6c49cd8a3
  Specta: 6ac5862bbff1a42269c2d582e4696f8b132d46cc

COCOAPODS: 0.22.2
