// !$*UTF8*$!
{
	archiveVersion = 1;
	classes = {
	};
	objectVersion = 45;
	objects = {

/* Begin PBXBuildFile section */
		1D3623260D0F684500981E51 /* DiscussionBoardAppDelegate.m in Sources */ = {isa = PBXBuildFile; fileRef = 1D3623250D0F684500981E51 /* DiscussionBoardAppDelegate.m */; };
		1D60589B0D05DD56006BFB54 /* main.m in Sources */ = {isa = PBXBuildFile; fileRef = 29B97316FDCFA39411CA2CEA /* main.m */; };
		1D60589F0D05DD5A006BFB54 /* Foundation.framework in Frameworks */ = {isa = PBXBuildFile; fileRef = 1D30AB110D05D00D00671497 /* Foundation.framework */; };
		1DF5F4E00D08C38300B7A737 /* UIKit.framework in Frameworks */ = {isa = PBXBuildFile; fileRef = 1DF5F4DF0D08C38300B7A737 /* UIKit.framework */; };
		288765FD0DF74451002DB57D /* CoreGraphics.framework in Frameworks */ = {isa = PBXBuildFile; fileRef = 288765FC0DF74451002DB57D /* CoreGraphics.framework */; };
		28AD733F0D9D9553002E5188 /* MainWindow.xib in Resources */ = {isa = PBXBuildFile; fileRef = 28AD733E0D9D9553002E5188 /* MainWindow.xib */; };
		A7A2D33A12D780DD00683D6F /* QuartzCore.framework in Frameworks */ = {isa = PBXBuildFile; fileRef = A7A2D33912D780DD00683D6F /* QuartzCore.framework */; };
		A7A2D3BA12D7823600683D6F /* libRestKitSupport.a in Frameworks */ = {isa = PBXBuildFile; fileRef = A7A2D3AF12D7822D00683D6F /* libRestKitSupport.a */; };
		A7A2D3BB12D7824000683D6F /* libRestKitObjectMapping.a in Frameworks */ = {isa = PBXBuildFile; fileRef = A7A2D3AD12D7822D00683D6F /* libRestKitObjectMapping.a */; };
		A7A2D3BC12D7824600683D6F /* libRestKitJSONParserYAJL.a in Frameworks */ = {isa = PBXBuildFile; fileRef = A7A2D3B112D7822D00683D6F /* libRestKitJSONParserYAJL.a */; };
		A7A2D3BD12D7824E00683D6F /* libRestKitNetwork.a in Frameworks */ = {isa = PBXBuildFile; fileRef = A7A2D3AB12D7822D00683D6F /* libRestKitNetwork.a */; };
		A7A2D3BF12D7826800683D6F /* libRestKitCoreData.a in Frameworks */ = {isa = PBXBuildFile; fileRef = A7A2D3B512D7822D00683D6F /* libRestKitCoreData.a */; };
		A7A2D3C412D7829E00683D6F /* CFNetwork.framework in Frameworks */ = {isa = PBXBuildFile; fileRef = A7A2D3C312D7829E00683D6F /* CFNetwork.framework */; };
		A7A2D3C612D7829E00683D6F /* CoreData.framework in Frameworks */ = {isa = PBXBuildFile; fileRef = A7A2D3C512D7829E00683D6F /* CoreData.framework */; };
		A7A2D3C812D7829E00683D6F /* MobileCoreServices.framework in Frameworks */ = {isa = PBXBuildFile; fileRef = A7A2D3C712D7829E00683D6F /* MobileCoreServices.framework */; };
		A7A2D3CA12D7829E00683D6F /* SystemConfiguration.framework in Frameworks */ = {isa = PBXBuildFile; fileRef = A7A2D3C912D7829E00683D6F /* SystemConfiguration.framework */; };
		A7A2D47812D7849300683D6F /* DBEnvironment.m in Sources */ = {isa = PBXBuildFile; fileRef = A7A2D47712D7849300683D6F /* DBEnvironment.m */; };
		A7A2D49F12D78DA500683D6F /* DBTopic.m in Sources */ = {isa = PBXBuildFile; fileRef = A7A2D49E12D78DA500683D6F /* DBTopic.m */; };
/* End PBXBuildFile section */

/* Begin PBXContainerItemProxy section */
		A7A2D3AA12D7822D00683D6F /* PBXContainerItemProxy */ = {
			isa = PBXContainerItemProxy;
			containerPortal = A7A2D39412D7822C00683D6F /* RestKit.xcodeproj */;
			proxyType = 2;
			remoteGlobalIDString = 253A07FC1255161B00976E89;
			remoteInfo = RestKitNetwork;
		};
		A7A2D3AC12D7822D00683D6F /* PBXContainerItemProxy */ = {
			isa = PBXContainerItemProxy;
			containerPortal = A7A2D39412D7822C00683D6F /* RestKit.xcodeproj */;
			proxyType = 2;
			remoteGlobalIDString = 253A08031255162C00976E89;
			remoteInfo = RestKitObjectMapping;
		};
		A7A2D3AE12D7822D00683D6F /* PBXContainerItemProxy */ = {
			isa = PBXContainerItemProxy;
			containerPortal = A7A2D39412D7822C00683D6F /* RestKit.xcodeproj */;
			proxyType = 2;
			remoteGlobalIDString = 253A080C12551D3000976E89;
			remoteInfo = RestKitSupport;
		};
		A7A2D3B012D7822D00683D6F /* PBXContainerItemProxy */ = {
			isa = PBXContainerItemProxy;
			containerPortal = A7A2D39412D7822C00683D6F /* RestKit.xcodeproj */;
			proxyType = 2;
			remoteGlobalIDString = 2590E64F125231F600531FA8;
			remoteInfo = "RestKitJSONParser+YAJL";
		};
		A7A2D3B212D7822D00683D6F /* PBXContainerItemProxy */ = {
			isa = PBXContainerItemProxy;
			containerPortal = A7A2D39412D7822C00683D6F /* RestKit.xcodeproj */;
			proxyType = 2;
			remoteGlobalIDString = 2590E66B1252353700531FA8;
			remoteInfo = "RestKitJSONParser+SBJSON";
		};
		A7A2D3B412D7822D00683D6F /* PBXContainerItemProxy */ = {
			isa = PBXContainerItemProxy;
			containerPortal = A7A2D39412D7822C00683D6F /* RestKit.xcodeproj */;
			proxyType = 2;
			remoteGlobalIDString = 253A081412551D5300976E89;
			remoteInfo = RestKitCoreData;
		};
		A7A2D3B612D7822D00683D6F /* PBXContainerItemProxy */ = {
			isa = PBXContainerItemProxy;
			containerPortal = A7A2D39412D7822C00683D6F /* RestKit.xcodeproj */;
			proxyType = 2;
			remoteGlobalIDString = 2523360511E79F090048F9B4;
			remoteInfo = RestKitThree20;
		};
		A7A2D3B812D7822D00683D6F /* PBXContainerItemProxy */ = {
			isa = PBXContainerItemProxy;
			containerPortal = A7A2D39412D7822C00683D6F /* RestKit.xcodeproj */;
			proxyType = 2;
			remoteGlobalIDString = 3F6C39A510FE5C95008F47C5;
			remoteInfo = UISpec;
		};
		A7A2D3D312D782A700683D6F /* PBXContainerItemProxy */ = {
			isa = PBXContainerItemProxy;
			containerPortal = A7A2D39412D7822C00683D6F /* RestKit.xcodeproj */;
			proxyType = 1;
			remoteGlobalIDString = 25956956126DF0A8004BAC4C;
			remoteInfo = RestKit;
		};
/* End PBXContainerItemProxy section */

/* Begin PBXFileReference section */
		1D30AB110D05D00D00671497 /* Foundation.framework */ = {isa = PBXFileReference; lastKnownFileType = wrapper.framework; name = Foundation.framework; path = System/Library/Frameworks/Foundation.framework; sourceTree = SDKROOT; };
		1D3623240D0F684500981E51 /* DiscussionBoardAppDelegate.h */ = {isa = PBXFileReference; fileEncoding = 4; lastKnownFileType = sourcecode.c.h; path = DiscussionBoardAppDelegate.h; sourceTree = "<group>"; };
		1D3623250D0F684500981E51 /* DiscussionBoardAppDelegate.m */ = {isa = PBXFileReference; fileEncoding = 4; lastKnownFileType = sourcecode.c.objc; path = DiscussionBoardAppDelegate.m; sourceTree = "<group>"; };
		1D6058910D05DD3D006BFB54 /* DiscussionBoard.app */ = {isa = PBXFileReference; explicitFileType = wrapper.application; includeInIndex = 0; path = DiscussionBoard.app; sourceTree = BUILT_PRODUCTS_DIR; };
		1DF5F4DF0D08C38300B7A737 /* UIKit.framework */ = {isa = PBXFileReference; lastKnownFileType = wrapper.framework; name = UIKit.framework; path = System/Library/Frameworks/UIKit.framework; sourceTree = SDKROOT; };
		288765FC0DF74451002DB57D /* CoreGraphics.framework */ = {isa = PBXFileReference; lastKnownFileType = wrapper.framework; name = CoreGraphics.framework; path = System/Library/Frameworks/CoreGraphics.framework; sourceTree = SDKROOT; };
		28AD733E0D9D9553002E5188 /* MainWindow.xib */ = {isa = PBXFileReference; lastKnownFileType = file.xib; path = MainWindow.xib; sourceTree = "<group>"; };
		29B97316FDCFA39411CA2CEA /* main.m */ = {isa = PBXFileReference; fileEncoding = 4; lastKnownFileType = sourcecode.c.objc; path = main.m; sourceTree = "<group>"; };
		32CA4F630368D1EE00C91783 /* DiscussionBoard_Prefix.pch */ = {isa = PBXFileReference; fileEncoding = 4; lastKnownFileType = sourcecode.c.h; path = DiscussionBoard_Prefix.pch; sourceTree = "<group>"; };
		8D1107310486CEB800E47090 /* DiscussionBoard-Info.plist */ = {isa = PBXFileReference; fileEncoding = 4; lastKnownFileType = text.plist.xml; path = "DiscussionBoard-Info.plist"; plistStructureDefinitionIdentifier = "com.apple.xcode.plist.structure-definition.iphone.info-plist"; sourceTree = "<group>"; };
		A7A2D33912D780DD00683D6F /* QuartzCore.framework */ = {isa = PBXFileReference; lastKnownFileType = wrapper.framework; name = QuartzCore.framework; path = System/Library/Frameworks/QuartzCore.framework; sourceTree = SDKROOT; };
		A7A2D39412D7822C00683D6F /* RestKit.xcodeproj */ = {isa = PBXFileReference; lastKnownFileType = "wrapper.pb-project"; name = RestKit.xcodeproj; path = ../../../RestKit.xcodeproj; sourceTree = SOURCE_ROOT; };
		A7A2D3C312D7829E00683D6F /* CFNetwork.framework */ = {isa = PBXFileReference; lastKnownFileType = wrapper.framework; name = CFNetwork.framework; path = System/Library/Frameworks/CFNetwork.framework; sourceTree = SDKROOT; };
		A7A2D3C512D7829E00683D6F /* CoreData.framework */ = {isa = PBXFileReference; lastKnownFileType = wrapper.framework; name = CoreData.framework; path = System/Library/Frameworks/CoreData.framework; sourceTree = SDKROOT; };
		A7A2D3C712D7829E00683D6F /* MobileCoreServices.framework */ = {isa = PBXFileReference; lastKnownFileType = wrapper.framework; name = MobileCoreServices.framework; path = System/Library/Frameworks/MobileCoreServices.framework; sourceTree = SDKROOT; };
		A7A2D3C912D7829E00683D6F /* SystemConfiguration.framework */ = {isa = PBXFileReference; lastKnownFileType = wrapper.framework; name = SystemConfiguration.framework; path = System/Library/Frameworks/SystemConfiguration.framework; sourceTree = SDKROOT; };
		A7A2D47612D7849300683D6F /* DBEnvironment.h */ = {isa = PBXFileReference; fileEncoding = 4; lastKnownFileType = sourcecode.c.h; path = DBEnvironment.h; sourceTree = "<group>"; };
		A7A2D47712D7849300683D6F /* DBEnvironment.m */ = {isa = PBXFileReference; fileEncoding = 4; lastKnownFileType = sourcecode.c.objc; path = DBEnvironment.m; sourceTree = "<group>"; };
		A7A2D49D12D78DA500683D6F /* DBTopic.h */ = {isa = PBXFileReference; fileEncoding = 4; lastKnownFileType = sourcecode.c.h; path = DBTopic.h; sourceTree = "<group>"; };
		A7A2D49E12D78DA500683D6F /* DBTopic.m */ = {isa = PBXFileReference; fileEncoding = 4; lastKnownFileType = sourcecode.c.objc; path = DBTopic.m; sourceTree = "<group>"; };
/* End PBXFileReference section */

/* Begin PBXFrameworksBuildPhase section */
		1D60588F0D05DD3D006BFB54 /* Frameworks */ = {
			isa = PBXFrameworksBuildPhase;
			buildActionMask = 2147483647;
			files = (
				1D60589F0D05DD5A006BFB54 /* Foundation.framework in Frameworks */,
				1DF5F4E00D08C38300B7A737 /* UIKit.framework in Frameworks */,
				288765FD0DF74451002DB57D /* CoreGraphics.framework in Frameworks */,
				A7A2D33A12D780DD00683D6F /* QuartzCore.framework in Frameworks */,
				A7A2D3BA12D7823600683D6F /* libRestKitSupport.a in Frameworks */,
				A7A2D3BB12D7824000683D6F /* libRestKitObjectMapping.a in Frameworks */,
				A7A2D3BC12D7824600683D6F /* libRestKitJSONParserYAJL.a in Frameworks */,
				A7A2D3BD12D7824E00683D6F /* libRestKitNetwork.a in Frameworks */,
				A7A2D3BF12D7826800683D6F /* libRestKitCoreData.a in Frameworks */,
				A7A2D3C412D7829E00683D6F /* CFNetwork.framework in Frameworks */,
				A7A2D3C612D7829E00683D6F /* CoreData.framework in Frameworks */,
				A7A2D3C812D7829E00683D6F /* MobileCoreServices.framework in Frameworks */,
				A7A2D3CA12D7829E00683D6F /* SystemConfiguration.framework in Frameworks */,
			);
			runOnlyForDeploymentPostprocessing = 0;
		};
/* End PBXFrameworksBuildPhase section */

/* Begin PBXGroup section */
		080E96DDFE201D6D7F000001 /* Classes */ = {
			isa = PBXGroup;
			children = (
				1D3623240D0F684500981E51 /* DiscussionBoardAppDelegate.h */,
				1D3623250D0F684500981E51 /* DiscussionBoardAppDelegate.m */,
				A7A2D47612D7849300683D6F /* DBEnvironment.h */,
				A7A2D47712D7849300683D6F /* DBEnvironment.m */,
				A7A2D49D12D78DA500683D6F /* DBTopic.h */,
				A7A2D49E12D78DA500683D6F /* DBTopic.m */,
			);
			path = Classes;
			sourceTree = "<group>";
		};
		19C28FACFE9D520D11CA2CBB /* Products */ = {
			isa = PBXGroup;
			children = (
				1D6058910D05DD3D006BFB54 /* DiscussionBoard.app */,
			);
			name = Products;
			sourceTree = "<group>";
		};
		29B97314FDCFA39411CA2CEA /* CustomTemplate */ = {
			isa = PBXGroup;
			children = (
				080E96DDFE201D6D7F000001 /* Classes */,
				A7A2D21612D77FEF00683D6F /* Libraries */,
				29B97315FDCFA39411CA2CEA /* Other Sources */,
				29B97317FDCFA39411CA2CEA /* Resources */,
				29B97323FDCFA39411CA2CEA /* Frameworks */,
				19C28FACFE9D520D11CA2CBB /* Products */,
				A7A2D33912D780DD00683D6F /* QuartzCore.framework */,
				A7A2D3C312D7829E00683D6F /* CFNetwork.framework */,
				A7A2D3C512D7829E00683D6F /* CoreData.framework */,
				A7A2D3C712D7829E00683D6F /* MobileCoreServices.framework */,
				A7A2D3C912D7829E00683D6F /* SystemConfiguration.framework */,
			);
			name = CustomTemplate;
			sourceTree = "<group>";
		};
		29B97315FDCFA39411CA2CEA /* Other Sources */ = {
			isa = PBXGroup;
			children = (
				32CA4F630368D1EE00C91783 /* DiscussionBoard_Prefix.pch */,
				29B97316FDCFA39411CA2CEA /* main.m */,
			);
			name = "Other Sources";
			sourceTree = "<group>";
		};
		29B97317FDCFA39411CA2CEA /* Resources */ = {
			isa = PBXGroup;
			children = (
				28AD733E0D9D9553002E5188 /* MainWindow.xib */,
				8D1107310486CEB800E47090 /* DiscussionBoard-Info.plist */,
			);
			name = Resources;
			sourceTree = "<group>";
		};
		29B97323FDCFA39411CA2CEA /* Frameworks */ = {
			isa = PBXGroup;
			children = (
				1DF5F4DF0D08C38300B7A737 /* UIKit.framework */,
				1D30AB110D05D00D00671497 /* Foundation.framework */,
				288765FC0DF74451002DB57D /* CoreGraphics.framework */,
			);
			name = Frameworks;
			sourceTree = "<group>";
		};
		A7A2D21612D77FEF00683D6F /* Libraries */ = {
			isa = PBXGroup;
			children = (
				A7A2D39412D7822C00683D6F /* RestKit.xcodeproj */,
			);
			name = Libraries;
			sourceTree = "<group>";
		};
		A7A2D39512D7822C00683D6F /* Products */ = {
			isa = PBXGroup;
			children = (
				A7A2D3AB12D7822D00683D6F /* libRestKitNetwork.a */,
				A7A2D3AD12D7822D00683D6F /* libRestKitObjectMapping.a */,
				A7A2D3AF12D7822D00683D6F /* libRestKitSupport.a */,
				A7A2D3B112D7822D00683D6F /* libRestKitJSONParserYAJL.a */,
				A7A2D3B312D7822D00683D6F /* libRestKitJSONParserSBJSON.a */,
				A7A2D3B512D7822D00683D6F /* libRestKitCoreData.a */,
				A7A2D3B712D7822D00683D6F /* libRestKitThree20.a */,
				A7A2D3B912D7822D00683D6F /* UISpec.app */,
			);
			name = Products;
			sourceTree = "<group>";
		};
/* End PBXGroup section */

/* Begin PBXNativeTarget section */
		1D6058900D05DD3D006BFB54 /* DiscussionBoard */ = {
			isa = PBXNativeTarget;
			buildConfigurationList = 1D6058960D05DD3E006BFB54 /* Build configuration list for PBXNativeTarget "DiscussionBoard" */;
			buildPhases = (
				1D60588D0D05DD3D006BFB54 /* Resources */,
				1D60588E0D05DD3D006BFB54 /* Sources */,
				1D60588F0D05DD3D006BFB54 /* Frameworks */,
			);
			buildRules = (
			);
			dependencies = (
				A7A2D3D412D782A700683D6F /* PBXTargetDependency */,
			);
			name = DiscussionBoard;
			productName = DiscussionBoard;
			productReference = 1D6058910D05DD3D006BFB54 /* DiscussionBoard.app */;
			productType = "com.apple.product-type.application";
		};
/* End PBXNativeTarget section */

/* Begin PBXProject section */
		29B97313FDCFA39411CA2CEA /* Project object */ = {
			isa = PBXProject;
			buildConfigurationList = C01FCF4E08A954540054247B /* Build configuration list for PBXProject "DiscussionBoard" */;
			compatibilityVersion = "Xcode 3.1";
			developmentRegion = English;
			hasScannedForEncodings = 1;
			knownRegions = (
				English,
				Japanese,
				French,
				German,
			);
			mainGroup = 29B97314FDCFA39411CA2CEA /* CustomTemplate */;
			projectDirPath = "";
			projectReferences = (
				{
					ProductGroup = A7A2D39512D7822C00683D6F /* Products */;
					ProjectRef = A7A2D39412D7822C00683D6F /* RestKit.xcodeproj */;
				},
			);
			projectRoot = "";
			targets = (
				1D6058900D05DD3D006BFB54 /* DiscussionBoard */,
			);
		};
/* End PBXProject section */

/* Begin PBXReferenceProxy section */
		A7A2D3AB12D7822D00683D6F /* libRestKitNetwork.a */ = {
			isa = PBXReferenceProxy;
			fileType = archive.ar;
			path = libRestKitNetwork.a;
			remoteRef = A7A2D3AA12D7822D00683D6F /* PBXContainerItemProxy */;
			sourceTree = BUILT_PRODUCTS_DIR;
		};
		A7A2D3AD12D7822D00683D6F /* libRestKitObjectMapping.a */ = {
			isa = PBXReferenceProxy;
			fileType = archive.ar;
			path = libRestKitObjectMapping.a;
			remoteRef = A7A2D3AC12D7822D00683D6F /* PBXContainerItemProxy */;
			sourceTree = BUILT_PRODUCTS_DIR;
		};
		A7A2D3AF12D7822D00683D6F /* libRestKitSupport.a */ = {
			isa = PBXReferenceProxy;
			fileType = archive.ar;
			path = libRestKitSupport.a;
			remoteRef = A7A2D3AE12D7822D00683D6F /* PBXContainerItemProxy */;
			sourceTree = BUILT_PRODUCTS_DIR;
		};
		A7A2D3B112D7822D00683D6F /* libRestKitJSONParserYAJL.a */ = {
			isa = PBXReferenceProxy;
			fileType = archive.ar;
			path = libRestKitJSONParserYAJL.a;
			remoteRef = A7A2D3B012D7822D00683D6F /* PBXContainerItemProxy */;
			sourceTree = BUILT_PRODUCTS_DIR;
		};
		A7A2D3B312D7822D00683D6F /* libRestKitJSONParserSBJSON.a */ = {
			isa = PBXReferenceProxy;
			fileType = archive.ar;
			path = libRestKitJSONParserSBJSON.a;
			remoteRef = A7A2D3B212D7822D00683D6F /* PBXContainerItemProxy */;
			sourceTree = BUILT_PRODUCTS_DIR;
		};
		A7A2D3B512D7822D00683D6F /* libRestKitCoreData.a */ = {
			isa = PBXReferenceProxy;
			fileType = archive.ar;
			path = libRestKitCoreData.a;
			remoteRef = A7A2D3B412D7822D00683D6F /* PBXContainerItemProxy */;
			sourceTree = BUILT_PRODUCTS_DIR;
		};
		A7A2D3B712D7822D00683D6F /* libRestKitThree20.a */ = {
			isa = PBXReferenceProxy;
			fileType = archive.ar;
			path = libRestKitThree20.a;
			remoteRef = A7A2D3B612D7822D00683D6F /* PBXContainerItemProxy */;
			sourceTree = BUILT_PRODUCTS_DIR;
		};
		A7A2D3B912D7822D00683D6F /* UISpec.app */ = {
			isa = PBXReferenceProxy;
			fileType = wrapper.application;
			path = UISpec.app;
			remoteRef = A7A2D3B812D7822D00683D6F /* PBXContainerItemProxy */;
			sourceTree = BUILT_PRODUCTS_DIR;
		};
/* End PBXReferenceProxy section */

/* Begin PBXResourcesBuildPhase section */
		1D60588D0D05DD3D006BFB54 /* Resources */ = {
			isa = PBXResourcesBuildPhase;
			buildActionMask = 2147483647;
			files = (
				28AD733F0D9D9553002E5188 /* MainWindow.xib in Resources */,
			);
			runOnlyForDeploymentPostprocessing = 0;
		};
/* End PBXResourcesBuildPhase section */

/* Begin PBXSourcesBuildPhase section */
		1D60588E0D05DD3D006BFB54 /* Sources */ = {
			isa = PBXSourcesBuildPhase;
			buildActionMask = 2147483647;
			files = (
				1D60589B0D05DD56006BFB54 /* main.m in Sources */,
				1D3623260D0F684500981E51 /* DiscussionBoardAppDelegate.m in Sources */,
				A7A2D47812D7849300683D6F /* DBEnvironment.m in Sources */,
				A7A2D49F12D78DA500683D6F /* DBTopic.m in Sources */,
			);
			runOnlyForDeploymentPostprocessing = 0;
		};
/* End PBXSourcesBuildPhase section */

/* Begin PBXTargetDependency section */
		A7A2D3D412D782A700683D6F /* PBXTargetDependency */ = {
			isa = PBXTargetDependency;
			name = RestKit;
			targetProxy = A7A2D3D312D782A700683D6F /* PBXContainerItemProxy */;
		};
/* End PBXTargetDependency section */

/* Begin XCBuildConfiguration section */
		1D6058940D05DD3E006BFB54 /* Debug */ = {
			isa = XCBuildConfiguration;
			buildSettings = {
				ALWAYS_SEARCH_USER_PATHS = NO;
				COPY_PHASE_STRIP = NO;
				GCC_DYNAMIC_NO_PIC = NO;
				GCC_OPTIMIZATION_LEVEL = 0;
				GCC_PRECOMPILE_PREFIX_HEADER = YES;
				GCC_PREFIX_HEADER = DiscussionBoard_Prefix.pch;
				INFOPLIST_FILE = "DiscussionBoard-Info.plist";
				PRODUCT_NAME = DiscussionBoard;
			};
			name = Debug;
		};
		1D6058950D05DD3E006BFB54 /* Release */ = {
			isa = XCBuildConfiguration;
			buildSettings = {
				ALWAYS_SEARCH_USER_PATHS = NO;
				COPY_PHASE_STRIP = YES;
				GCC_PRECOMPILE_PREFIX_HEADER = YES;
				GCC_PREFIX_HEADER = DiscussionBoard_Prefix.pch;
				INFOPLIST_FILE = "DiscussionBoard-Info.plist";
				PRODUCT_NAME = DiscussionBoard;
				VALIDATE_PRODUCT = YES;
			};
			name = Release;
		};
		C01FCF4F08A954540054247B /* Debug */ = {
			isa = XCBuildConfiguration;
			buildSettings = {
				ARCHS = "$(ARCHS_STANDARD_32_BIT)";
				"CODE_SIGN_IDENTITY[sdk=iphoneos*]" = "iPhone Developer";
				GCC_C_LANGUAGE_STANDARD = c99;
				GCC_WARN_ABOUT_RETURN_TYPE = YES;
				GCC_WARN_UNUSED_VARIABLE = YES;
				HEADER_SEARCH_PATHS = (
					../../../Build,
					Libraries/three20/Build/Products/three20,
				);
				OTHER_LDFLAGS = (
					"-all_load",
					"-ObjC",
				);
				PREBINDING = NO;
				SDKROOT = iphoneos;
			};
			name = Debug;
		};
		C01FCF5008A954540054247B /* Release */ = {
			isa = XCBuildConfiguration;
			buildSettings = {
				ARCHS = "$(ARCHS_STANDARD_32_BIT)";
				"CODE_SIGN_IDENTITY[sdk=iphoneos*]" = "iPhone Developer";
				GCC_C_LANGUAGE_STANDARD = c99;
				GCC_WARN_ABOUT_RETURN_TYPE = YES;
				GCC_WARN_UNUSED_VARIABLE = YES;
				HEADER_SEARCH_PATHS = (
					../../../Build,
					Libraries/three20/Build/Products/three20,
				);
				OTHER_CFLAGS = "-DNS_BLOCK_ASSERTIONS=1";
				PREBINDING = NO;
				SDKROOT = iphoneos;
			};
			name = Release;
		};
/* End XCBuildConfiguration section */

/* Begin XCConfigurationList section */
		1D6058960D05DD3E006BFB54 /* Build configuration list for PBXNativeTarget "DiscussionBoard" */ = {
			isa = XCConfigurationList;
			buildConfigurations = (
				1D6058940D05DD3E006BFB54 /* Debug */,
				1D6058950D05DD3E006BFB54 /* Release */,
			);
			defaultConfigurationIsVisible = 0;
			defaultConfigurationName = Release;
		};
		C01FCF4E08A954540054247B /* Build configuration list for PBXProject "DiscussionBoard" */ = {
			isa = XCConfigurationList;
			buildConfigurations = (
				C01FCF4F08A954540054247B /* Debug */,
				C01FCF5008A954540054247B /* Release */,
			);
			defaultConfigurationIsVisible = 0;
			defaultConfigurationName = Release;
		};
/* End XCConfigurationList section */
	};
	rootObject = 29B97313FDCFA39411CA2CEA /* Project object */;
}
