// !$*UTF8*$!
{
	archiveVersion = 1;
	classes = {
	};
	objectVersion = 46;
	objects = {

/* Begin PBXBuildFile section */
		1D3623260D0F684500981E51 /* RKTwitterAppDelegate.m in Sources */ = {isa = PBXBuildFile; fileRef = 1D3623250D0F684500981E51 /* RKTwitterAppDelegate.m */; };
		1D60589B0D05DD56006BFB54 /* main.m in Sources */ = {isa = PBXBuildFile; fileRef = 29B97316FDCFA39411CA2CEA /* main.m */; };
		1D60589F0D05DD5A006BFB54 /* Foundation.framework in Frameworks */ = {isa = PBXBuildFile; fileRef = 1D30AB110D05D00D00671497 /* Foundation.framework */; };
		1DF5F4E00D08C38300B7A737 /* UIKit.framework in Frameworks */ = {isa = PBXBuildFile; fileRef = 1DF5F4DF0D08C38300B7A737 /* UIKit.framework */; };
		25014071153706FD004E0466 /* Security.framework in Frameworks */ = {isa = PBXBuildFile; fileRef = 250CA6CF147D90C50047D347 /* Security.framework */; };
		25014086153707E2004E0466 /* QuartzCore.framework in Frameworks */ = {isa = PBXBuildFile; fileRef = CD39C14D14EEED8700E84874 /* QuartzCore.framework */; };
		250CA6D0147D90C50047D347 /* Security.framework in Frameworks */ = {isa = PBXBuildFile; fileRef = 250CA6CF147D90C50047D347 /* Security.framework */; };
		252E157D16397DCA000B729E /* MainStoryboard.storyboard in Resources */ = {isa = PBXBuildFile; fileRef = 2536AF3B16397A0200AD803D /* MainStoryboard.storyboard */; };
		2536AF3C16397A0200AD803D /* MainStoryboard.storyboard in Resources */ = {isa = PBXBuildFile; fileRef = 2536AF3B16397A0200AD803D /* MainStoryboard.storyboard */; };
		2538E814123419EC00ACB5D7 /* RKTweet.m in Sources */ = {isa = PBXBuildFile; fileRef = 2538E813123419EC00ACB5D7 /* RKTweet.m */; };
		2538E865123424F000ACB5D7 /* CoreData.framework in Frameworks */ = {isa = PBXBuildFile; fileRef = 2538E864123424F000ACB5D7 /* CoreData.framework */; };
		2538E8671234250100ACB5D7 /* SystemConfiguration.framework in Frameworks */ = {isa = PBXBuildFile; fileRef = 2538E8661234250100ACB5D7 /* SystemConfiguration.framework */; };
		259D0FC418076E40007C66D6 /* Default-568h@2x.png in Resources */ = {isa = PBXBuildFile; fileRef = 259D0FC318076E40007C66D6 /* Default-568h@2x.png */; };
		25F2A1791322D59400A33DE4 /* listbg.png in Resources */ = {isa = PBXBuildFile; fileRef = 3F3CE3FA125B9A6E0083FDCB /* listbg.png */; };
		25F2A17A1322D59400A33DE4 /* listbg@2x.png in Resources */ = {isa = PBXBuildFile; fileRef = 3F3CE3FB125B9A6E0083FDCB /* listbg@2x.png */; };
		25F2A17B1322D59400A33DE4 /* BG.png in Resources */ = {isa = PBXBuildFile; fileRef = 3F3CE40A125B9B450083FDCB /* BG.png */; };
		25F2A17C1322D59400A33DE4 /* BG@2x.png in Resources */ = {isa = PBXBuildFile; fileRef = 3F3CE40B125B9B450083FDCB /* BG@2x.png */; };
		25F2A17D1322D59400A33DE4 /* Default.png in Resources */ = {isa = PBXBuildFile; fileRef = 3F3CE40C125B9B450083FDCB /* Default.png */; };
		25F2A17E1322D59400A33DE4 /* Default@2x.png in Resources */ = {isa = PBXBuildFile; fileRef = 3F3CE40D125B9B450083FDCB /* Default@2x.png */; };
		25F2A1801322D59400A33DE4 /* main.m in Sources */ = {isa = PBXBuildFile; fileRef = 29B97316FDCFA39411CA2CEA /* main.m */; };
		25F2A1811322D59400A33DE4 /* RKTwitterAppDelegate.m in Sources */ = {isa = PBXBuildFile; fileRef = 1D3623250D0F684500981E51 /* RKTwitterAppDelegate.m */; };
		25F2A1821322D59400A33DE4 /* RKTwitterViewController.m in Sources */ = {isa = PBXBuildFile; fileRef = 28D7ACF70DDB3853001CB0EB /* RKTwitterViewController.m */; };
		25F2A1841322D59400A33DE4 /* RKTweet.m in Sources */ = {isa = PBXBuildFile; fileRef = 2538E813123419EC00ACB5D7 /* RKTweet.m */; };
		25F2A1851322D59400A33DE4 /* RKTwitterCoreData.xcdatamodel in Sources */ = {isa = PBXBuildFile; fileRef = 3F94E0C6125BA8C0001E8585 /* RKTwitterCoreData.xcdatamodel */; };
		25F2A1871322D59400A33DE4 /* Foundation.framework in Frameworks */ = {isa = PBXBuildFile; fileRef = 1D30AB110D05D00D00671497 /* Foundation.framework */; };
		25F2A1881322D59400A33DE4 /* UIKit.framework in Frameworks */ = {isa = PBXBuildFile; fileRef = 1DF5F4DF0D08C38300B7A737 /* UIKit.framework */; };
		25F2A1891322D59400A33DE4 /* CoreGraphics.framework in Frameworks */ = {isa = PBXBuildFile; fileRef = 288765A40DF7441C002DB57D /* CoreGraphics.framework */; };
		25F2A18A1322D59400A33DE4 /* CoreData.framework in Frameworks */ = {isa = PBXBuildFile; fileRef = 2538E864123424F000ACB5D7 /* CoreData.framework */; };
		25F2A18B1322D59400A33DE4 /* SystemConfiguration.framework in Frameworks */ = {isa = PBXBuildFile; fileRef = 2538E8661234250100ACB5D7 /* SystemConfiguration.framework */; };
		25F2A1911322D59400A33DE4 /* CFNetwork.framework in Frameworks */ = {isa = PBXBuildFile; fileRef = 8452D3F8128244D90069F4A9 /* CFNetwork.framework */; };
		25F2A1921322D59400A33DE4 /* MobileCoreServices.framework in Frameworks */ = {isa = PBXBuildFile; fileRef = 8452D3FC128244E60069F4A9 /* MobileCoreServices.framework */; };
		25F2A1991322D93500A33DE4 /* restkit.json in Resources */ = {isa = PBXBuildFile; fileRef = 25F2A1981322D93500A33DE4 /* restkit.json */; };
		25F2A19C1322DD1800A33DE4 /* users.json in Resources */ = {isa = PBXBuildFile; fileRef = 25F2A19A1322DCDC00A33DE4 /* users.json */; };
		25F2A2D913240CEC00A33DE4 /* RKSeedDatabase.sqlite in Resources */ = {isa = PBXBuildFile; fileRef = 25F2A2D813240CEC00A33DE4 /* RKSeedDatabase.sqlite */; };
		288765A50DF7441C002DB57D /* CoreGraphics.framework in Frameworks */ = {isa = PBXBuildFile; fileRef = 288765A40DF7441C002DB57D /* CoreGraphics.framework */; };
		28D7ACF80DDB3853001CB0EB /* RKTwitterViewController.m in Sources */ = {isa = PBXBuildFile; fileRef = 28D7ACF70DDB3853001CB0EB /* RKTwitterViewController.m */; };
		3F3CE3FC125B9A6E0083FDCB /* listbg.png in Resources */ = {isa = PBXBuildFile; fileRef = 3F3CE3FA125B9A6E0083FDCB /* listbg.png */; };
		3F3CE3FD125B9A6E0083FDCB /* listbg@2x.png in Resources */ = {isa = PBXBuildFile; fileRef = 3F3CE3FB125B9A6E0083FDCB /* listbg@2x.png */; };
		3F3CE40E125B9B450083FDCB /* BG.png in Resources */ = {isa = PBXBuildFile; fileRef = 3F3CE40A125B9B450083FDCB /* BG.png */; };
		3F3CE40F125B9B450083FDCB /* BG@2x.png in Resources */ = {isa = PBXBuildFile; fileRef = 3F3CE40B125B9B450083FDCB /* BG@2x.png */; };
		3F3CE410125B9B450083FDCB /* Default.png in Resources */ = {isa = PBXBuildFile; fileRef = 3F3CE40C125B9B450083FDCB /* Default.png */; };
		3F3CE411125B9B450083FDCB /* Default@2x.png in Resources */ = {isa = PBXBuildFile; fileRef = 3F3CE40D125B9B450083FDCB /* Default@2x.png */; };
		3F94E0C7125BA8C0001E8585 /* RKTwitterCoreData.xcdatamodel in Sources */ = {isa = PBXBuildFile; fileRef = 3F94E0C6125BA8C0001E8585 /* RKTwitterCoreData.xcdatamodel */; };
		3FB46641131D78A400E37C51 /* libxml2.dylib in Frameworks */ = {isa = PBXBuildFile; fileRef = 3FB46640131D78A400E37C51 /* libxml2.dylib */; };
		8452D3F9128244D90069F4A9 /* CFNetwork.framework in Frameworks */ = {isa = PBXBuildFile; fileRef = 8452D3F8128244D90069F4A9 /* CFNetwork.framework */; };
		8452D3FD128244E60069F4A9 /* MobileCoreServices.framework in Frameworks */ = {isa = PBXBuildFile; fileRef = 8452D3FC128244E60069F4A9 /* MobileCoreServices.framework */; };
		91E489421B66047A004B5AB5 /* Pods.framework in Frameworks */ = {isa = PBXBuildFile; fileRef = A0702A131DA8B31559EADB35 /* Pods.framework */; };
		91E489431B6604A9004B5AB5 /* libxml2.dylib in Frameworks */ = {isa = PBXBuildFile; fileRef = 3FB46640131D78A400E37C51 /* libxml2.dylib */; };
		91E489461B660547004B5AB5 /* Default-568h@2x.png in Resources */ = {isa = PBXBuildFile; fileRef = 259D0FC318076E40007C66D6 /* Default-568h@2x.png */; };
		A4AAAC70510CB014ED4378BD /* Pods.framework in Frameworks */ = {isa = PBXBuildFile; fileRef = A0702A131DA8B31559EADB35 /* Pods.framework */; settings = {ATTRIBUTES = (Weak, ); }; };
		CD39C14E14EEED8700E84874 /* QuartzCore.framework in Frameworks */ = {isa = PBXBuildFile; fileRef = CD39C14D14EEED8700E84874 /* QuartzCore.framework */; };
/* End PBXBuildFile section */

/* Begin PBXFileReference section */
		1D30AB110D05D00D00671497 /* Foundation.framework */ = {isa = PBXFileReference; lastKnownFileType = wrapper.framework; name = Foundation.framework; path = System/Library/Frameworks/Foundation.framework; sourceTree = SDKROOT; };
		1D3623240D0F684500981E51 /* RKTwitterAppDelegate.h */ = {isa = PBXFileReference; fileEncoding = 4; lastKnownFileType = sourcecode.c.h; path = RKTwitterAppDelegate.h; sourceTree = "<group>"; };
		1D3623250D0F684500981E51 /* RKTwitterAppDelegate.m */ = {isa = PBXFileReference; fileEncoding = 4; lastKnownFileType = sourcecode.c.objc; path = RKTwitterAppDelegate.m; sourceTree = "<group>"; };
		1D6058910D05DD3D006BFB54 /* RKTwitterCoreData.app */ = {isa = PBXFileReference; explicitFileType = wrapper.application; includeInIndex = 0; path = RKTwitterCoreData.app; sourceTree = BUILT_PRODUCTS_DIR; };
		1DF5F4DF0D08C38300B7A737 /* UIKit.framework */ = {isa = PBXFileReference; lastKnownFileType = wrapper.framework; name = UIKit.framework; path = System/Library/Frameworks/UIKit.framework; sourceTree = SDKROOT; };
		250CA6CF147D90C50047D347 /* Security.framework */ = {isa = PBXFileReference; lastKnownFileType = wrapper.framework; name = Security.framework; path = System/Library/Frameworks/Security.framework; sourceTree = SDKROOT; };
		2536AF3B16397A0200AD803D /* MainStoryboard.storyboard */ = {isa = PBXFileReference; fileEncoding = 4; lastKnownFileType = file.storyboard; path = MainStoryboard.storyboard; sourceTree = "<group>"; };
		2538E812123419EC00ACB5D7 /* RKTweet.h */ = {isa = PBXFileReference; fileEncoding = 4; lastKnownFileType = sourcecode.c.h; path = RKTweet.h; sourceTree = "<group>"; };
		2538E813123419EC00ACB5D7 /* RKTweet.m */ = {isa = PBXFileReference; fileEncoding = 4; lastKnownFileType = sourcecode.c.objc; path = RKTweet.m; sourceTree = "<group>"; };
		2538E864123424F000ACB5D7 /* CoreData.framework */ = {isa = PBXFileReference; lastKnownFileType = wrapper.framework; name = CoreData.framework; path = System/Library/Frameworks/CoreData.framework; sourceTree = SDKROOT; };
		2538E8661234250100ACB5D7 /* SystemConfiguration.framework */ = {isa = PBXFileReference; lastKnownFileType = wrapper.framework; name = SystemConfiguration.framework; path = System/Library/Frameworks/SystemConfiguration.framework; sourceTree = SDKROOT; };
		259D0FC318076E40007C66D6 /* Default-568h@2x.png */ = {isa = PBXFileReference; lastKnownFileType = image.png; name = "Default-568h@2x.png"; path = "../Default-568h@2x.png"; sourceTree = "<group>"; };
		25F2A1961322D59400A33DE4 /* Generate Seed Database.app */ = {isa = PBXFileReference; explicitFileType = wrapper.application; includeInIndex = 0; path = "Generate Seed Database.app"; sourceTree = BUILT_PRODUCTS_DIR; };
		25F2A1981322D93500A33DE4 /* restkit.json */ = {isa = PBXFileReference; fileEncoding = 4; lastKnownFileType = text; path = restkit.json; sourceTree = SOURCE_ROOT; };
		25F2A19A1322DCDC00A33DE4 /* users.json */ = {isa = PBXFileReference; fileEncoding = 4; lastKnownFileType = text; name = users.json; path = ../users.json; sourceTree = "<group>"; };
		25F2A2D813240CEC00A33DE4 /* RKSeedDatabase.sqlite */ = {isa = PBXFileReference; lastKnownFileType = file; path = RKSeedDatabase.sqlite; sourceTree = SOURCE_ROOT; };
		288765A40DF7441C002DB57D /* CoreGraphics.framework */ = {isa = PBXFileReference; lastKnownFileType = wrapper.framework; name = CoreGraphics.framework; path = System/Library/Frameworks/CoreGraphics.framework; sourceTree = SDKROOT; };
		28D7ACF60DDB3853001CB0EB /* RKTwitterViewController.h */ = {isa = PBXFileReference; fileEncoding = 4; lastKnownFileType = sourcecode.c.h; path = RKTwitterViewController.h; sourceTree = "<group>"; };
		28D7ACF70DDB3853001CB0EB /* RKTwitterViewController.m */ = {isa = PBXFileReference; fileEncoding = 4; lastKnownFileType = sourcecode.c.objc; path = RKTwitterViewController.m; sourceTree = "<group>"; };
		29B97316FDCFA39411CA2CEA /* main.m */ = {isa = PBXFileReference; fileEncoding = 4; lastKnownFileType = sourcecode.c.objc; path = main.m; sourceTree = "<group>"; };
		32CA4F630368D1EE00C91783 /* RKTwitter_Prefix.pch */ = {isa = PBXFileReference; fileEncoding = 4; lastKnownFileType = sourcecode.c.h; path = RKTwitter_Prefix.pch; sourceTree = "<group>"; };
		3F3CE3FA125B9A6E0083FDCB /* listbg.png */ = {isa = PBXFileReference; lastKnownFileType = image.png; path = listbg.png; sourceTree = "<group>"; };
		3F3CE3FB125B9A6E0083FDCB /* listbg@2x.png */ = {isa = PBXFileReference; lastKnownFileType = image.png; path = "listbg@2x.png"; sourceTree = "<group>"; };
		3F3CE40A125B9B450083FDCB /* BG.png */ = {isa = PBXFileReference; lastKnownFileType = image.png; path = BG.png; sourceTree = "<group>"; };
		3F3CE40B125B9B450083FDCB /* BG@2x.png */ = {isa = PBXFileReference; lastKnownFileType = image.png; path = "BG@2x.png"; sourceTree = "<group>"; };
		3F3CE40C125B9B450083FDCB /* Default.png */ = {isa = PBXFileReference; lastKnownFileType = image.png; path = Default.png; sourceTree = "<group>"; };
		3F3CE40D125B9B450083FDCB /* Default@2x.png */ = {isa = PBXFileReference; lastKnownFileType = image.png; path = "Default@2x.png"; sourceTree = "<group>"; };
		3F94E0C6125BA8C0001E8585 /* RKTwitterCoreData.xcdatamodel */ = {isa = PBXFileReference; fileEncoding = 4; lastKnownFileType = wrapper.xcdatamodel; path = RKTwitterCoreData.xcdatamodel; sourceTree = "<group>"; };
		3FB46640131D78A400E37C51 /* libxml2.dylib */ = {isa = PBXFileReference; lastKnownFileType = "compiled.mach-o.dylib"; name = libxml2.dylib; path = usr/lib/libxml2.dylib; sourceTree = SDKROOT; };
		4C54AB4C3537B4FFC4CDAA11 /* Pods.debug.xcconfig */ = {isa = PBXFileReference; includeInIndex = 1; lastKnownFileType = text.xcconfig; name = Pods.debug.xcconfig; path = "Pods/Target Support Files/Pods/Pods.debug.xcconfig"; sourceTree = "<group>"; };
		76894C65C72E67BEB1D13573 /* Pods.release.xcconfig */ = {isa = PBXFileReference; includeInIndex = 1; lastKnownFileType = text.xcconfig; name = Pods.release.xcconfig; path = "Pods/Target Support Files/Pods/Pods.release.xcconfig"; sourceTree = "<group>"; };
		8452D3F8128244D90069F4A9 /* CFNetwork.framework */ = {isa = PBXFileReference; lastKnownFileType = wrapper.framework; name = CFNetwork.framework; path = System/Library/Frameworks/CFNetwork.framework; sourceTree = SDKROOT; };
		8452D3FC128244E60069F4A9 /* MobileCoreServices.framework */ = {isa = PBXFileReference; lastKnownFileType = wrapper.framework; name = MobileCoreServices.framework; path = System/Library/Frameworks/MobileCoreServices.framework; sourceTree = SDKROOT; };
		8D1107310486CEB800E47090 /* RKTwitter-Info.plist */ = {isa = PBXFileReference; fileEncoding = 4; lastKnownFileType = text.plist.xml; path = "RKTwitter-Info.plist"; plistStructureDefinitionIdentifier = "com.apple.xcode.plist.structure-definition.iphone.info-plist"; sourceTree = "<group>"; };
		A0702A131DA8B31559EADB35 /* Pods.framework */ = {isa = PBXFileReference; explicitFileType = wrapper.framework; includeInIndex = 0; path = Pods.framework; sourceTree = BUILT_PRODUCTS_DIR; };
		CD39C14D14EEED8700E84874 /* QuartzCore.framework */ = {isa = PBXFileReference; lastKnownFileType = wrapper.framework; name = QuartzCore.framework; path = System/Library/Frameworks/QuartzCore.framework; sourceTree = SDKROOT; };
/* End PBXFileReference section */

/* Begin PBXFrameworksBuildPhase section */
		1D60588F0D05DD3D006BFB54 /* Frameworks */ = {
			isa = PBXFrameworksBuildPhase;
			buildActionMask = 2147483647;
			files = (
				CD39C14E14EEED8700E84874 /* QuartzCore.framework in Frameworks */,
				250CA6D0147D90C50047D347 /* Security.framework in Frameworks */,
				3FB46641131D78A400E37C51 /* libxml2.dylib in Frameworks */,
				1D60589F0D05DD5A006BFB54 /* Foundation.framework in Frameworks */,
				1DF5F4E00D08C38300B7A737 /* UIKit.framework in Frameworks */,
				288765A50DF7441C002DB57D /* CoreGraphics.framework in Frameworks */,
				2538E865123424F000ACB5D7 /* CoreData.framework in Frameworks */,
				2538E8671234250100ACB5D7 /* SystemConfiguration.framework in Frameworks */,
				8452D3F9128244D90069F4A9 /* CFNetwork.framework in Frameworks */,
				8452D3FD128244E60069F4A9 /* MobileCoreServices.framework in Frameworks */,
				A4AAAC70510CB014ED4378BD /* Pods.framework in Frameworks */,
			);
			runOnlyForDeploymentPostprocessing = 0;
		};
		25F2A1861322D59400A33DE4 /* Frameworks */ = {
			isa = PBXFrameworksBuildPhase;
			buildActionMask = 2147483647;
			files = (
				25014086153707E2004E0466 /* QuartzCore.framework in Frameworks */,
				25014071153706FD004E0466 /* Security.framework in Frameworks */,
				91E489431B6604A9004B5AB5 /* libxml2.dylib in Frameworks */,
				25F2A1871322D59400A33DE4 /* Foundation.framework in Frameworks */,
				25F2A1881322D59400A33DE4 /* UIKit.framework in Frameworks */,
				25F2A1891322D59400A33DE4 /* CoreGraphics.framework in Frameworks */,
				25F2A18A1322D59400A33DE4 /* CoreData.framework in Frameworks */,
				25F2A18B1322D59400A33DE4 /* SystemConfiguration.framework in Frameworks */,
				25F2A1911322D59400A33DE4 /* CFNetwork.framework in Frameworks */,
				25F2A1921322D59400A33DE4 /* MobileCoreServices.framework in Frameworks */,
				91E489421B66047A004B5AB5 /* Pods.framework in Frameworks */,
			);
			runOnlyForDeploymentPostprocessing = 0;
		};
/* End PBXFrameworksBuildPhase section */

/* Begin PBXGroup section */
		080E96DDFE201D6D7F000001 /* Classes */ = {
			isa = PBXGroup;
			children = (
				1D3623240D0F684500981E51 /* RKTwitterAppDelegate.h */,
				1D3623250D0F684500981E51 /* RKTwitterAppDelegate.m */,
				28D7ACF60DDB3853001CB0EB /* RKTwitterViewController.h */,
				28D7ACF70DDB3853001CB0EB /* RKTwitterViewController.m */,
				2538E812123419EC00ACB5D7 /* RKTweet.h */,
				2538E813123419EC00ACB5D7 /* RKTweet.m */,
			);
			path = Classes;
			sourceTree = "<group>";
		};
		19C28FACFE9D520D11CA2CBB /* Products */ = {
			isa = PBXGroup;
			children = (
				1D6058910D05DD3D006BFB54 /* RKTwitterCoreData.app */,
				25F2A1961322D59400A33DE4 /* Generate Seed Database.app */,
			);
			name = Products;
			sourceTree = "<group>";
		};
		29B97314FDCFA39411CA2CEA /* CustomTemplate */ = {
			isa = PBXGroup;
			children = (
				080E96DDFE201D6D7F000001 /* Classes */,
				29B97315FDCFA39411CA2CEA /* Other Sources */,
				29B97317FDCFA39411CA2CEA /* Resources */,
				29B97323FDCFA39411CA2CEA /* Frameworks */,
				19C28FACFE9D520D11CA2CBB /* Products */,
				753DD8BB8B8DB90C68C1122C /* Pods */,
			);
			name = CustomTemplate;
			sourceTree = "<group>";
			usesTabs = 0;
		};
		29B97315FDCFA39411CA2CEA /* Other Sources */ = {
			isa = PBXGroup;
			children = (
				32CA4F630368D1EE00C91783 /* RKTwitter_Prefix.pch */,
				29B97316FDCFA39411CA2CEA /* main.m */,
			);
			name = "Other Sources";
			sourceTree = "<group>";
		};
		29B97317FDCFA39411CA2CEA /* Resources */ = {
			isa = PBXGroup;
			children = (
				259D0FC318076E40007C66D6 /* Default-568h@2x.png */,
				25F2A2D813240CEC00A33DE4 /* RKSeedDatabase.sqlite */,
				25F2A19A1322DCDC00A33DE4 /* users.json */,
				25F2A1981322D93500A33DE4 /* restkit.json */,
				3F3CE40A125B9B450083FDCB /* BG.png */,
				3F3CE40B125B9B450083FDCB /* BG@2x.png */,
				3F3CE40C125B9B450083FDCB /* Default.png */,
				3F3CE40D125B9B450083FDCB /* Default@2x.png */,
				3F3CE3FA125B9A6E0083FDCB /* listbg.png */,
				3F3CE3FB125B9A6E0083FDCB /* listbg@2x.png */,
				8D1107310486CEB800E47090 /* RKTwitter-Info.plist */,
				3F94E0C6125BA8C0001E8585 /* RKTwitterCoreData.xcdatamodel */,
				2536AF3B16397A0200AD803D /* MainStoryboard.storyboard */,
			);
			path = Resources;
			sourceTree = "<group>";
		};
		29B97323FDCFA39411CA2CEA /* Frameworks */ = {
			isa = PBXGroup;
			children = (
				CD39C14D14EEED8700E84874 /* QuartzCore.framework */,
				250CA6CF147D90C50047D347 /* Security.framework */,
				1DF5F4DF0D08C38300B7A737 /* UIKit.framework */,
				1D30AB110D05D00D00671497 /* Foundation.framework */,
				288765A40DF7441C002DB57D /* CoreGraphics.framework */,
				2538E864123424F000ACB5D7 /* CoreData.framework */,
				2538E8661234250100ACB5D7 /* SystemConfiguration.framework */,
				8452D3F8128244D90069F4A9 /* CFNetwork.framework */,
				8452D3FC128244E60069F4A9 /* MobileCoreServices.framework */,
				3FB46640131D78A400E37C51 /* libxml2.dylib */,
				A0702A131DA8B31559EADB35 /* Pods.framework */,
			);
			name = Frameworks;
			sourceTree = "<group>";
		};
		753DD8BB8B8DB90C68C1122C /* Pods */ = {
			isa = PBXGroup;
			children = (
				4C54AB4C3537B4FFC4CDAA11 /* Pods.debug.xcconfig */,
				76894C65C72E67BEB1D13573 /* Pods.release.xcconfig */,
			);
			name = Pods;
			sourceTree = "<group>";
		};
/* End PBXGroup section */

/* Begin PBXNativeTarget section */
		1D6058900D05DD3D006BFB54 /* RKTwitterCoreData */ = {
			isa = PBXNativeTarget;
			buildConfigurationList = 1D6058960D05DD3E006BFB54 /* Build configuration list for PBXNativeTarget "RKTwitterCoreData" */;
			buildPhases = (
				1D60588D0D05DD3D006BFB54 /* Resources */,
				1D60588E0D05DD3D006BFB54 /* Sources */,
				1D60588F0D05DD3D006BFB54 /* Frameworks */,
			);
			buildRules = (
			);
			dependencies = (
			);
			name = RKTwitterCoreData;
			productName = RKTwitter;
			productReference = 1D6058910D05DD3D006BFB54 /* RKTwitterCoreData.app */;
			productType = "com.apple.product-type.application";
		};
		25F2A1751322D59400A33DE4 /* Generate Seed Database */ = {
			isa = PBXNativeTarget;
			buildConfigurationList = 25F2A1931322D59400A33DE4 /* Build configuration list for PBXNativeTarget "Generate Seed Database" */;
			buildPhases = (
				25F2A1781322D59400A33DE4 /* Resources */,
				25F2A17F1322D59400A33DE4 /* Sources */,
				25F2A1861322D59400A33DE4 /* Frameworks */,
			);
			buildRules = (
			);
			dependencies = (
			);
			name = "Generate Seed Database";
			productName = RKTwitter;
			productReference = 25F2A1961322D59400A33DE4 /* Generate Seed Database.app */;
			productType = "com.apple.product-type.application";
		};
/* End PBXNativeTarget section */

/* Begin PBXProject section */
		29B97313FDCFA39411CA2CEA /* Project object */ = {
			isa = PBXProject;
			attributes = {
				LastUpgradeCheck = 0700;
			};
			buildConfigurationList = C01FCF4E08A954540054247B /* Build configuration list for PBXProject "RKTwitterCoreData" */;
			compatibilityVersion = "Xcode 3.2";
			developmentRegion = English;
			hasScannedForEncodings = 1;
			knownRegions = (
				English,
				Japanese,
				French,
				German,
			);
			mainGroup = 29B97314FDCFA39411CA2CEA /* CustomTemplate */;
			projectDirPath = "";
			projectRoot = "";
			targets = (
				1D6058900D05DD3D006BFB54 /* RKTwitterCoreData */,
				25F2A1751322D59400A33DE4 /* Generate Seed Database */,
			);
		};
/* End PBXProject section */

/* Begin PBXResourcesBuildPhase section */
		1D60588D0D05DD3D006BFB54 /* Resources */ = {
			isa = PBXResourcesBuildPhase;
			buildActionMask = 2147483647;
			files = (
				3F3CE3FC125B9A6E0083FDCB /* listbg.png in Resources */,
				3F3CE3FD125B9A6E0083FDCB /* listbg@2x.png in Resources */,
				259D0FC418076E40007C66D6 /* Default-568h@2x.png in Resources */,
				3F3CE40E125B9B450083FDCB /* BG.png in Resources */,
				3F3CE40F125B9B450083FDCB /* BG@2x.png in Resources */,
				3F3CE410125B9B450083FDCB /* Default.png in Resources */,
				3F3CE411125B9B450083FDCB /* Default@2x.png in Resources */,
				25F2A2D913240CEC00A33DE4 /* RKSeedDatabase.sqlite in Resources */,
				2536AF3C16397A0200AD803D /* MainStoryboard.storyboard in Resources */,
			);
			runOnlyForDeploymentPostprocessing = 0;
		};
		25F2A1781322D59400A33DE4 /* Resources */ = {
			isa = PBXResourcesBuildPhase;
			buildActionMask = 2147483647;
			files = (
				25F2A19C1322DD1800A33DE4 /* users.json in Resources */,
				25F2A1791322D59400A33DE4 /* listbg.png in Resources */,
				25F2A17A1322D59400A33DE4 /* listbg@2x.png in Resources */,
				91E489461B660547004B5AB5 /* Default-568h@2x.png in Resources */,
				25F2A17B1322D59400A33DE4 /* BG.png in Resources */,
				25F2A17C1322D59400A33DE4 /* BG@2x.png in Resources */,
				25F2A17D1322D59400A33DE4 /* Default.png in Resources */,
				25F2A17E1322D59400A33DE4 /* Default@2x.png in Resources */,
				25F2A1991322D93500A33DE4 /* restkit.json in Resources */,
				252E157D16397DCA000B729E /* MainStoryboard.storyboard in Resources */,
			);
			runOnlyForDeploymentPostprocessing = 0;
		};
/* End PBXResourcesBuildPhase section */

/* Begin PBXSourcesBuildPhase section */
		1D60588E0D05DD3D006BFB54 /* Sources */ = {
			isa = PBXSourcesBuildPhase;
			buildActionMask = 2147483647;
			files = (
				1D60589B0D05DD56006BFB54 /* main.m in Sources */,
				1D3623260D0F684500981E51 /* RKTwitterAppDelegate.m in Sources */,
				28D7ACF80DDB3853001CB0EB /* RKTwitterViewController.m in Sources */,
				2538E814123419EC00ACB5D7 /* RKTweet.m in Sources */,
				3F94E0C7125BA8C0001E8585 /* RKTwitterCoreData.xcdatamodel in Sources */,
			);
			runOnlyForDeploymentPostprocessing = 0;
		};
		25F2A17F1322D59400A33DE4 /* Sources */ = {
			isa = PBXSourcesBuildPhase;
			buildActionMask = 2147483647;
			files = (
				25F2A1801322D59400A33DE4 /* main.m in Sources */,
				25F2A1811322D59400A33DE4 /* RKTwitterAppDelegate.m in Sources */,
				25F2A1821322D59400A33DE4 /* RKTwitterViewController.m in Sources */,
				25F2A1841322D59400A33DE4 /* RKTweet.m in Sources */,
				25F2A1851322D59400A33DE4 /* RKTwitterCoreData.xcdatamodel in Sources */,
			);
			runOnlyForDeploymentPostprocessing = 0;
		};
/* End PBXSourcesBuildPhase section */

/* Begin XCBuildConfiguration section */
		1D6058940D05DD3E006BFB54 /* Debug */ = {
			isa = XCBuildConfiguration;
			baseConfigurationReference = 4C54AB4C3537B4FFC4CDAA11 /* Pods.debug.xcconfig */;
			buildSettings = {
				BUILD_STYLE = Debug;
				CLANG_ENABLE_OBJC_ARC = YES;
				COPY_PHASE_STRIP = NO;
				GCC_DYNAMIC_NO_PIC = NO;
				GCC_OPTIMIZATION_LEVEL = 0;
				GCC_PRECOMPILE_PREFIX_HEADER = YES;
				GCC_PREFIX_HEADER = RKTwitter_Prefix.pch;
				HEADER_SEARCH_PATHS = "\"$(BUILT_PRODUCTS_DIR)/../../Headers\"";
				INFOPLIST_FILE = "Resources/RKTwitter-Info.plist";
				IPHONEOS_DEPLOYMENT_TARGET = 8.0;
				PRODUCT_BUNDLE_IDENTIFIER = "com.yourcompany.${PRODUCT_NAME:rfc1034identifier}";
				PRODUCT_NAME = RKTwitterCoreData;
			};
			name = Debug;
		};
		1D6058950D05DD3E006BFB54 /* Release */ = {
			isa = XCBuildConfiguration;
			baseConfigurationReference = 76894C65C72E67BEB1D13573 /* Pods.release.xcconfig */;
			buildSettings = {
				BUILD_STYLE = Release;
				CLANG_ENABLE_OBJC_ARC = YES;
				COPY_PHASE_STRIP = YES;
				GCC_PRECOMPILE_PREFIX_HEADER = YES;
				GCC_PREFIX_HEADER = RKTwitter_Prefix.pch;
				HEADER_SEARCH_PATHS = "${TARGET_BUILD_DIR}/../../Headers";
				INFOPLIST_FILE = "Resources/RKTwitter-Info.plist";
				IPHONEOS_DEPLOYMENT_TARGET = 8.0;
				PRODUCT_BUNDLE_IDENTIFIER = "com.yourcompany.${PRODUCT_NAME:rfc1034identifier}";
				PRODUCT_NAME = RKTwitterCoreData;
				VALIDATE_PRODUCT = YES;
			};
			name = Release;
		};
		25F2A1941322D59400A33DE4 /* Debug */ = {
			isa = XCBuildConfiguration;
			baseConfigurationReference = 4C54AB4C3537B4FFC4CDAA11 /* Pods.debug.xcconfig */;
			buildSettings = {
				BUILD_STYLE = Debug;
				CLANG_ENABLE_OBJC_ARC = YES;
				COPY_PHASE_STRIP = NO;
				GCC_DYNAMIC_NO_PIC = NO;
				GCC_OPTIMIZATION_LEVEL = 0;
				GCC_PRECOMPILE_PREFIX_HEADER = YES;
				GCC_PREFIX_HEADER = RKTwitter_Prefix.pch;
				GCC_PREPROCESSOR_DEFINITIONS = (
					RESTKIT_GENERATE_SEED_DB,
					"$(inherited)",
				);
				HEADER_SEARCH_PATHS = "\"$(BUILT_PRODUCTS_DIR)/../../Headers\"";
				INFOPLIST_FILE = "Resources/RKTwitter-Info.plist";
				IPHONEOS_DEPLOYMENT_TARGET = 8.0;
				PRODUCT_BUNDLE_IDENTIFIER = "com.yourcompany.${PRODUCT_NAME:rfc1034identifier}";
				PRODUCT_NAME = "Generate Seed Database";
			};
			name = Debug;
		};
		25F2A1951322D59400A33DE4 /* Release */ = {
			isa = XCBuildConfiguration;
			baseConfigurationReference = 76894C65C72E67BEB1D13573 /* Pods.release.xcconfig */;
			buildSettings = {
				BUILD_STYLE = Release;
				CLANG_ENABLE_OBJC_ARC = YES;
				COPY_PHASE_STRIP = YES;
				GCC_PRECOMPILE_PREFIX_HEADER = YES;
				GCC_PREFIX_HEADER = RKTwitter_Prefix.pch;
				GCC_PREPROCESSOR_DEFINITIONS = (
					RESTKIT_GENERATE_SEED_DB,
					"$(inherited)",
				);
				HEADER_SEARCH_PATHS = "\"$(BUILT_PRODUCTS_DIR)/../../Headers\"";
				INFOPLIST_FILE = "Resources/RKTwitter-Info.plist";
				IPHONEOS_DEPLOYMENT_TARGET = 8.0;
				PRODUCT_BUNDLE_IDENTIFIER = "com.yourcompany.${PRODUCT_NAME:rfc1034identifier}";
				PRODUCT_NAME = "Generate Seed Database";
				VALIDATE_PRODUCT = YES;
			};
			name = Release;
		};
		C01FCF4F08A954540054247B /* Debug */ = {
			isa = XCBuildConfiguration;
			buildSettings = {
				BUILD_STYLE = Debug;
				"CODE_SIGN_IDENTITY[sdk=iphoneos*]" = "iPhone Developer";
				ENABLE_TESTABILITY = YES;
				GCC_C_LANGUAGE_STANDARD = c99;
				GCC_WARN_ABOUT_MISSING_PROTOTYPES = YES;
				GCC_WARN_ABOUT_RETURN_TYPE = YES;
				GCC_WARN_UNUSED_VARIABLE = YES;
				ONLY_ACTIVE_ARCH = YES;
				SDKROOT = iphoneos;
			};
			name = Debug;
		};
		C01FCF5008A954540054247B /* Release */ = {
			isa = XCBuildConfiguration;
			buildSettings = {
				BUILD_STYLE = Release;
				"CODE_SIGN_IDENTITY[sdk=iphoneos*]" = "iPhone Developer";
				GCC_C_LANGUAGE_STANDARD = c99;
				GCC_WARN_ABOUT_MISSING_PROTOTYPES = YES;
				GCC_WARN_ABOUT_RETURN_TYPE = YES;
				GCC_WARN_UNUSED_VARIABLE = YES;
				OTHER_CFLAGS = "-DNS_BLOCK_ASSERTIONS=1";
				SDKROOT = iphoneos;
			};
			name = Release;
		};
/* End XCBuildConfiguration section */

/* Begin XCConfigurationList section */
		1D6058960D05DD3E006BFB54 /* Build configuration list for PBXNativeTarget "RKTwitterCoreData" */ = {
			isa = XCConfigurationList;
			buildConfigurations = (
				1D6058940D05DD3E006BFB54 /* Debug */,
				1D6058950D05DD3E006BFB54 /* Release */,
			);
			defaultConfigurationIsVisible = 0;
			defaultConfigurationName = Release;
		};
		25F2A1931322D59400A33DE4 /* Build configuration list for PBXNativeTarget "Generate Seed Database" */ = {
			isa = XCConfigurationList;
			buildConfigurations = (
				25F2A1941322D59400A33DE4 /* Debug */,
				25F2A1951322D59400A33DE4 /* Release */,
			);
			defaultConfigurationIsVisible = 0;
			defaultConfigurationName = Release;
		};
		C01FCF4E08A954540054247B /* Build configuration list for PBXProject "RKTwitterCoreData" */ = {
			isa = XCConfigurationList;
			buildConfigurations = (
				C01FCF4F08A954540054247B /* Debug */,
				C01FCF5008A954540054247B /* Release */,
			);
			defaultConfigurationIsVisible = 0;
			defaultConfigurationName = Release;
		};
/* End XCConfigurationList section */
	};
	rootObject = 29B97313FDCFA39411CA2CEA /* Project object */;
}
