// !$*UTF8*$!
{
	archiveVersion = 1;
	classes = {
	};
	objectVersion = 45;
	objects = {

/* Begin PBXBuildFile section */
		1D3623260D0F684500981E51 /* RKTwitterAppDelegate.m in Sources */ = {isa = PBXBuildFile; fileRef = 1D3623250D0F684500981E51 /* RKTwitterAppDelegate.m */; };
		1D60589B0D05DD56006BFB54 /* main.m in Sources */ = {isa = PBXBuildFile; fileRef = 29B97316FDCFA39411CA2CEA /* main.m */; };
		1D60589F0D05DD5A006BFB54 /* Foundation.framework in Frameworks */ = {isa = PBXBuildFile; fileRef = 1D30AB110D05D00D00671497 /* Foundation.framework */; };
		1DF5F4E00D08C38300B7A737 /* UIKit.framework in Frameworks */ = {isa = PBXBuildFile; fileRef = 1DF5F4DF0D08C38300B7A737 /* UIKit.framework */; };
		251E0D31134187F80017A6DA /* libRestKitXMLParserLibxml.a in Frameworks */ = {isa = PBXBuildFile; fileRef = 251E0D30134187F80017A6DA /* libRestKitXMLParserLibxml.a */; };
		2538E811123419CA00ACB5D7 /* RKTUser.m in Sources */ = {isa = PBXBuildFile; fileRef = 2538E810123419CA00ACB5D7 /* RKTUser.m */; };
		2538E814123419EC00ACB5D7 /* RKTStatus.m in Sources */ = {isa = PBXBuildFile; fileRef = 2538E813123419EC00ACB5D7 /* RKTStatus.m */; };
		2538E8671234250100ACB5D7 /* SystemConfiguration.framework in Frameworks */ = {isa = PBXBuildFile; fileRef = 2538E8661234250100ACB5D7 /* SystemConfiguration.framework */; };
		288765A50DF7441C002DB57D /* CoreGraphics.framework in Frameworks */ = {isa = PBXBuildFile; fileRef = 288765A40DF7441C002DB57D /* CoreGraphics.framework */; };
		28D7ACF80DDB3853001CB0EB /* RKTwitterViewController.m in Sources */ = {isa = PBXBuildFile; fileRef = 28D7ACF70DDB3853001CB0EB /* RKTwitterViewController.m */; };
		3F02F592131D683A004E1F54 /* libxml2.dylib in Frameworks */ = {isa = PBXBuildFile; fileRef = 3F02F591131D683A004E1F54 /* libxml2.dylib */; };
		3F3CE3FC125B9A6E0083FDCB /* listbg.png in Resources */ = {isa = PBXBuildFile; fileRef = 3F3CE3FA125B9A6E0083FDCB /* listbg.png */; };
		3F3CE3FD125B9A6E0083FDCB /* listbg@2x.png in Resources */ = {isa = PBXBuildFile; fileRef = 3F3CE3FB125B9A6E0083FDCB /* listbg@2x.png */; };
		3F3CE40E125B9B450083FDCB /* BG.png in Resources */ = {isa = PBXBuildFile; fileRef = 3F3CE40A125B9B450083FDCB /* BG.png */; };
		3F3CE40F125B9B450083FDCB /* BG@2x.png in Resources */ = {isa = PBXBuildFile; fileRef = 3F3CE40B125B9B450083FDCB /* BG@2x.png */; };
		3F3CE410125B9B450083FDCB /* Default.png in Resources */ = {isa = PBXBuildFile; fileRef = 3F3CE40C125B9B450083FDCB /* Default.png */; };
		3F3CE411125B9B450083FDCB /* Default@2x.png in Resources */ = {isa = PBXBuildFile; fileRef = 3F3CE40D125B9B450083FDCB /* Default@2x.png */; };
		3FECA57512D2413B0023437F /* libRestKitJSONParserSBJSON.a in Frameworks */ = {isa = PBXBuildFile; fileRef = 3F3CE2CD125B93780083FDCB /* libRestKitJSONParserSBJSON.a */; };
		84F524B612824D2D00C370EA /* libRestKitNetwork.a in Frameworks */ = {isa = PBXBuildFile; fileRef = 3F3CE2C5125B93780083FDCB /* libRestKitNetwork.a */; };
		84F524B712824D2E00C370EA /* libRestKitObjectMapping.a in Frameworks */ = {isa = PBXBuildFile; fileRef = 3F3CE2C7125B93780083FDCB /* libRestKitObjectMapping.a */; };
		84F524B812824D2F00C370EA /* libRestKitSupport.a in Frameworks */ = {isa = PBXBuildFile; fileRef = 3F3CE2C9125B93780083FDCB /* libRestKitSupport.a */; };
		84F524C212824D5000C370EA /* CFNetwork.framework in Frameworks */ = {isa = PBXBuildFile; fileRef = 84F524C112824D5000C370EA /* CFNetwork.framework */; };
		84F524C612824D5B00C370EA /* MobileCoreServices.framework in Frameworks */ = {isa = PBXBuildFile; fileRef = 84F524C512824D5B00C370EA /* MobileCoreServices.framework */; };
/* End PBXBuildFile section */

/* Begin PBXContainerItemProxy section */
		25321672133988730099A5DB /* PBXContainerItemProxy */ = {
			isa = PBXContainerItemProxy;
			containerPortal = 2538E7FF123417E500ACB5D7 /* RestKit.xcodeproj */;
			proxyType = 2;
			remoteGlobalIDString = 73057FD11331AD2E001908EE;
			remoteInfo = "RestKitJSONParser+JSONKit";
		};
		2538E807123417E500ACB5D7 /* PBXContainerItemProxy */ = {
			isa = PBXContainerItemProxy;
			containerPortal = 2538E7FF123417E500ACB5D7 /* RestKit.xcodeproj */;
			proxyType = 2;
			remoteGlobalIDString = 2523360511E79F090048F9B4;
			remoteInfo = "Three20 Support";
		};
		2538E809123417E500ACB5D7 /* PBXContainerItemProxy */ = {
			isa = PBXContainerItemProxy;
			containerPortal = 2538E7FF123417E500ACB5D7 /* RestKit.xcodeproj */;
			proxyType = 2;
			remoteGlobalIDString = 3F6C39A510FE5C95008F47C5;
			remoteInfo = UISpec;
		};
		25BD44171340331700DBACDD /* PBXContainerItemProxy */ = {
			isa = PBXContainerItemProxy;
			containerPortal = 2538E7FF123417E500ACB5D7 /* RestKit.xcodeproj */;
			proxyType = 2;
			remoteGlobalIDString = 25BD43BD1340315800DBACDD;
			remoteInfo = "RestKitXMLParser+Libxml";
		};
		3F3CE2C4125B93780083FDCB /* PBXContainerItemProxy */ = {
			isa = PBXContainerItemProxy;
			containerPortal = 2538E7FF123417E500ACB5D7 /* RestKit.xcodeproj */;
			proxyType = 2;
			remoteGlobalIDString = 253A07FC1255161B00976E89;
			remoteInfo = RestKitNetwork;
		};
		3F3CE2C6125B93780083FDCB /* PBXContainerItemProxy */ = {
			isa = PBXContainerItemProxy;
			containerPortal = 2538E7FF123417E500ACB5D7 /* RestKit.xcodeproj */;
			proxyType = 2;
			remoteGlobalIDString = 253A08031255162C00976E89;
			remoteInfo = RestKitObjectMapping;
		};
		3F3CE2C8125B93780083FDCB /* PBXContainerItemProxy */ = {
			isa = PBXContainerItemProxy;
			containerPortal = 2538E7FF123417E500ACB5D7 /* RestKit.xcodeproj */;
			proxyType = 2;
			remoteGlobalIDString = 253A080C12551D3000976E89;
			remoteInfo = RestKitSupport;
		};
		3F3CE2CA125B93780083FDCB /* PBXContainerItemProxy */ = {
			isa = PBXContainerItemProxy;
			containerPortal = 2538E7FF123417E500ACB5D7 /* RestKit.xcodeproj */;
			proxyType = 2;
			remoteGlobalIDString = 2590E64F125231F600531FA8;
			remoteInfo = "RestKitJSONParser+YAJL";
		};
		3F3CE2CC125B93780083FDCB /* PBXContainerItemProxy */ = {
			isa = PBXContainerItemProxy;
			containerPortal = 2538E7FF123417E500ACB5D7 /* RestKit.xcodeproj */;
			proxyType = 2;
			remoteGlobalIDString = 2590E66B1252353700531FA8;
			remoteInfo = "RestKitJSONParser+SBJSON";
		};
		3F3CE2CE125B93780083FDCB /* PBXContainerItemProxy */ = {
			isa = PBXContainerItemProxy;
			containerPortal = 2538E7FF123417E500ACB5D7 /* RestKit.xcodeproj */;
			proxyType = 2;
			remoteGlobalIDString = 253A081412551D5300976E89;
			remoteInfo = RestKitCoreData;
		};
		3F3CE2E3125B93EB0083FDCB /* PBXContainerItemProxy */ = {
			isa = PBXContainerItemProxy;
			containerPortal = 2538E7FF123417E500ACB5D7 /* RestKit.xcodeproj */;
			proxyType = 1;
			remoteGlobalIDString = 255B7588133BABBF00ED76AD;
			remoteInfo = RestKit;
		};
/* End PBXContainerItemProxy section */

/* Begin PBXFileReference section */
		1D30AB110D05D00D00671497 /* Foundation.framework */ = {isa = PBXFileReference; lastKnownFileType = wrapper.framework; name = Foundation.framework; path = System/Library/Frameworks/Foundation.framework; sourceTree = SDKROOT; };
		1D3623240D0F684500981E51 /* RKTwitterAppDelegate.h */ = {isa = PBXFileReference; fileEncoding = 4; lastKnownFileType = sourcecode.c.h; path = RKTwitterAppDelegate.h; sourceTree = "<group>"; };
		1D3623250D0F684500981E51 /* RKTwitterAppDelegate.m */ = {isa = PBXFileReference; fileEncoding = 4; lastKnownFileType = sourcecode.c.objc; path = RKTwitterAppDelegate.m; sourceTree = "<group>"; };
		1D6058910D05DD3D006BFB54 /* RKTwitter.app */ = {isa = PBXFileReference; explicitFileType = wrapper.application; includeInIndex = 0; path = RKTwitter.app; sourceTree = BUILT_PRODUCTS_DIR; };
		1DF5F4DF0D08C38300B7A737 /* UIKit.framework */ = {isa = PBXFileReference; lastKnownFileType = wrapper.framework; name = UIKit.framework; path = System/Library/Frameworks/UIKit.framework; sourceTree = SDKROOT; };
		251E0D30134187F80017A6DA /* libRestKitXMLParserLibxml.a */ = {isa = PBXFileReference; explicitFileType = archive.ar; path = libRestKitXMLParserLibxml.a; sourceTree = SOURCE_ROOT; };
		2538E7FF123417E500ACB5D7 /* RestKit.xcodeproj */ = {isa = PBXFileReference; lastKnownFileType = "wrapper.pb-project"; name = RestKit.xcodeproj; path = ../../RestKit.xcodeproj; sourceTree = SOURCE_ROOT; };
		2538E80F123419CA00ACB5D7 /* RKTUser.h */ = {isa = PBXFileReference; fileEncoding = 4; lastKnownFileType = sourcecode.c.h; path = RKTUser.h; sourceTree = "<group>"; };
		2538E810123419CA00ACB5D7 /* RKTUser.m */ = {isa = PBXFileReference; fileEncoding = 4; lastKnownFileType = sourcecode.c.objc; path = RKTUser.m; sourceTree = "<group>"; };
		2538E812123419EC00ACB5D7 /* RKTStatus.h */ = {isa = PBXFileReference; fileEncoding = 4; lastKnownFileType = sourcecode.c.h; path = RKTStatus.h; sourceTree = "<group>"; };
		2538E813123419EC00ACB5D7 /* RKTStatus.m */ = {isa = PBXFileReference; fileEncoding = 4; lastKnownFileType = sourcecode.c.objc; path = RKTStatus.m; sourceTree = "<group>"; };
		2538E864123424F000ACB5D7 /* CoreData.framework */ = {isa = PBXFileReference; lastKnownFileType = wrapper.framework; name = CoreData.framework; path = System/Library/Frameworks/CoreData.framework; sourceTree = SDKROOT; };
		2538E8661234250100ACB5D7 /* SystemConfiguration.framework */ = {isa = PBXFileReference; lastKnownFileType = wrapper.framework; name = SystemConfiguration.framework; path = System/Library/Frameworks/SystemConfiguration.framework; sourceTree = SDKROOT; };
		288765A40DF7441C002DB57D /* CoreGraphics.framework */ = {isa = PBXFileReference; lastKnownFileType = wrapper.framework; name = CoreGraphics.framework; path = System/Library/Frameworks/CoreGraphics.framework; sourceTree = SDKROOT; };
		28D7ACF60DDB3853001CB0EB /* RKTwitterViewController.h */ = {isa = PBXFileReference; fileEncoding = 4; lastKnownFileType = sourcecode.c.h; path = RKTwitterViewController.h; sourceTree = "<group>"; };
		28D7ACF70DDB3853001CB0EB /* RKTwitterViewController.m */ = {isa = PBXFileReference; fileEncoding = 4; lastKnownFileType = sourcecode.c.objc; path = RKTwitterViewController.m; sourceTree = "<group>"; };
		29B97316FDCFA39411CA2CEA /* main.m */ = {isa = PBXFileReference; fileEncoding = 4; lastKnownFileType = sourcecode.c.objc; path = main.m; sourceTree = "<group>"; };
		32CA4F630368D1EE00C91783 /* RKTwitter_Prefix.pch */ = {isa = PBXFileReference; fileEncoding = 4; lastKnownFileType = sourcecode.c.h; path = RKTwitter_Prefix.pch; sourceTree = "<group>"; };
		3F02F591131D683A004E1F54 /* libxml2.dylib */ = {isa = PBXFileReference; lastKnownFileType = "compiled.mach-o.dylib"; name = libxml2.dylib; path = usr/lib/libxml2.dylib; sourceTree = SDKROOT; };
		3F3CE3FA125B9A6E0083FDCB /* listbg.png */ = {isa = PBXFileReference; lastKnownFileType = image.png; path = listbg.png; sourceTree = "<group>"; };
		3F3CE3FB125B9A6E0083FDCB /* listbg@2x.png */ = {isa = PBXFileReference; lastKnownFileType = image.png; path = "listbg@2x.png"; sourceTree = "<group>"; };
		3F3CE40A125B9B450083FDCB /* BG.png */ = {isa = PBXFileReference; lastKnownFileType = image.png; path = BG.png; sourceTree = "<group>"; };
		3F3CE40B125B9B450083FDCB /* BG@2x.png */ = {isa = PBXFileReference; lastKnownFileType = image.png; path = "BG@2x.png"; sourceTree = "<group>"; };
		3F3CE40C125B9B450083FDCB /* Default.png */ = {isa = PBXFileReference; lastKnownFileType = image.png; path = Default.png; sourceTree = "<group>"; };
		3F3CE40D125B9B450083FDCB /* Default@2x.png */ = {isa = PBXFileReference; lastKnownFileType = image.png; path = "Default@2x.png"; sourceTree = "<group>"; };
		84F524C112824D5000C370EA /* CFNetwork.framework */ = {isa = PBXFileReference; lastKnownFileType = wrapper.framework; name = CFNetwork.framework; path = System/Library/Frameworks/CFNetwork.framework; sourceTree = SDKROOT; };
		84F524C512824D5B00C370EA /* MobileCoreServices.framework */ = {isa = PBXFileReference; lastKnownFileType = wrapper.framework; name = MobileCoreServices.framework; path = System/Library/Frameworks/MobileCoreServices.framework; sourceTree = SDKROOT; };
		8D1107310486CEB800E47090 /* RKTwitter-Info.plist */ = {isa = PBXFileReference; fileEncoding = 4; lastKnownFileType = text.plist.xml; path = "RKTwitter-Info.plist"; plistStructureDefinitionIdentifier = "com.apple.xcode.plist.structure-definition.iphone.info-plist"; sourceTree = "<group>"; };
/* End PBXFileReference section */

/* Begin PBXFrameworksBuildPhase section */
		1D60588F0D05DD3D006BFB54 /* Frameworks */ = {
			isa = PBXFrameworksBuildPhase;
			buildActionMask = 2147483647;
			files = (
				251E0D31134187F80017A6DA /* libRestKitXMLParserLibxml.a in Frameworks */,
				3F02F592131D683A004E1F54 /* libxml2.dylib in Frameworks */,
				1D60589F0D05DD5A006BFB54 /* Foundation.framework in Frameworks */,
				1DF5F4E00D08C38300B7A737 /* UIKit.framework in Frameworks */,
				288765A50DF7441C002DB57D /* CoreGraphics.framework in Frameworks */,
				2538E8671234250100ACB5D7 /* SystemConfiguration.framework in Frameworks */,
				84F524B612824D2D00C370EA /* libRestKitNetwork.a in Frameworks */,
				84F524B712824D2E00C370EA /* libRestKitObjectMapping.a in Frameworks */,
				84F524B812824D2F00C370EA /* libRestKitSupport.a in Frameworks */,
				84F524C212824D5000C370EA /* CFNetwork.framework in Frameworks */,
				84F524C612824D5B00C370EA /* MobileCoreServices.framework in Frameworks */,
				3FECA57512D2413B0023437F /* libRestKitJSONParserSBJSON.a in Frameworks */,
			);
			runOnlyForDeploymentPostprocessing = 0;
		};
/* End PBXFrameworksBuildPhase section */

/* Begin PBXGroup section */
		080E96DDFE201D6D7F000001 /* Classes */ = {
			isa = PBXGroup;
			children = (
				1D3623240D0F684500981E51 /* RKTwitterAppDelegate.h */,
				1D3623250D0F684500981E51 /* RKTwitterAppDelegate.m */,
				28D7ACF60DDB3853001CB0EB /* RKTwitterViewController.h */,
				28D7ACF70DDB3853001CB0EB /* RKTwitterViewController.m */,
				2538E80F123419CA00ACB5D7 /* RKTUser.h */,
				2538E810123419CA00ACB5D7 /* RKTUser.m */,
				2538E812123419EC00ACB5D7 /* RKTStatus.h */,
				2538E813123419EC00ACB5D7 /* RKTStatus.m */,
			);
			path = Classes;
			sourceTree = "<group>";
		};
		19C28FACFE9D520D11CA2CBB /* Products */ = {
			isa = PBXGroup;
			children = (
				1D6058910D05DD3D006BFB54 /* RKTwitter.app */,
			);
			name = Products;
			sourceTree = "<group>";
		};
		2538E800123417E500ACB5D7 /* Products */ = {
			isa = PBXGroup;
			children = (
				3F3CE2C5125B93780083FDCB /* libRestKitNetwork.a */,
				3F3CE2C7125B93780083FDCB /* libRestKitObjectMapping.a */,
				3F3CE2C9125B93780083FDCB /* libRestKitSupport.a */,
				3F3CE2CB125B93780083FDCB /* libRestKitJSONParserYAJL.a */,
				3F3CE2CD125B93780083FDCB /* libRestKitJSONParserSBJSON.a */,
				25321673133988730099A5DB /* libRestKitJSONParserJSONKit.a */,
				25BD44181340331700DBACDD /* libRestKitXMLParserLibxml.a */,
				3F3CE2CF125B93780083FDCB /* libRestKitCoreData.a */,
				2538E808123417E500ACB5D7 /* libRestKitThree20.a */,
				2538E80A123417E500ACB5D7 /* UISpec.app */,
			);
			name = Products;
			sourceTree = "<group>";
		};
		29B97314FDCFA39411CA2CEA /* CustomTemplate */ = {
			isa = PBXGroup;
			children = (
				2538E7FF123417E500ACB5D7 /* RestKit.xcodeproj */,
				080E96DDFE201D6D7F000001 /* Classes */,
				29B97315FDCFA39411CA2CEA /* Other Sources */,
				29B97317FDCFA39411CA2CEA /* Resources */,
				29B97323FDCFA39411CA2CEA /* Frameworks */,
				19C28FACFE9D520D11CA2CBB /* Products */,
			);
			name = CustomTemplate;
			sourceTree = "<group>";
		};
		29B97315FDCFA39411CA2CEA /* Other Sources */ = {
			isa = PBXGroup;
			children = (
				32CA4F630368D1EE00C91783 /* RKTwitter_Prefix.pch */,
				29B97316FDCFA39411CA2CEA /* main.m */,
			);
			name = "Other Sources";
			sourceTree = "<group>";
		};
		29B97317FDCFA39411CA2CEA /* Resources */ = {
			isa = PBXGroup;
			children = (
				3F3CE40A125B9B450083FDCB /* BG.png */,
				3F3CE40B125B9B450083FDCB /* BG@2x.png */,
				3F3CE40C125B9B450083FDCB /* Default.png */,
				3F3CE40D125B9B450083FDCB /* Default@2x.png */,
				3F3CE3FA125B9A6E0083FDCB /* listbg.png */,
				3F3CE3FB125B9A6E0083FDCB /* listbg@2x.png */,
				8D1107310486CEB800E47090 /* RKTwitter-Info.plist */,
			);
			path = Resources;
			sourceTree = "<group>";
		};
		29B97323FDCFA39411CA2CEA /* Frameworks */ = {
			isa = PBXGroup;
			children = (
				251E0D30134187F80017A6DA /* libRestKitXMLParserLibxml.a */,
				3F02F591131D683A004E1F54 /* libxml2.dylib */,
				1DF5F4DF0D08C38300B7A737 /* UIKit.framework */,
				1D30AB110D05D00D00671497 /* Foundation.framework */,
				288765A40DF7441C002DB57D /* CoreGraphics.framework */,
				2538E864123424F000ACB5D7 /* CoreData.framework */,
				2538E8661234250100ACB5D7 /* SystemConfiguration.framework */,
				84F524C112824D5000C370EA /* CFNetwork.framework */,
				84F524C512824D5B00C370EA /* MobileCoreServices.framework */,
			);
			name = Frameworks;
			sourceTree = "<group>";
		};
/* End PBXGroup section */

/* Begin PBXNativeTarget section */
		1D6058900D05DD3D006BFB54 /* RKTwitter */ = {
			isa = PBXNativeTarget;
			buildConfigurationList = 1D6058960D05DD3E006BFB54 /* Build configuration list for PBXNativeTarget "RKTwitter" */;
			buildPhases = (
				1D60588D0D05DD3D006BFB54 /* Resources */,
				1D60588E0D05DD3D006BFB54 /* Sources */,
				1D60588F0D05DD3D006BFB54 /* Frameworks */,
			);
			buildRules = (
			);
			dependencies = (
				3F3CE2E4125B93EB0083FDCB /* PBXTargetDependency */,
			);
			name = RKTwitter;
			productName = RKTwitter;
			productReference = 1D6058910D05DD3D006BFB54 /* RKTwitter.app */;
			productType = "com.apple.product-type.application";
		};
/* End PBXNativeTarget section */

/* Begin PBXProject section */
		29B97313FDCFA39411CA2CEA /* Project object */ = {
			isa = PBXProject;
			buildConfigurationList = C01FCF4E08A954540054247B /* Build configuration list for PBXProject "RKTwitter" */;
			compatibilityVersion = "Xcode 3.1";
			developmentRegion = English;
			hasScannedForEncodings = 1;
			knownRegions = (
				English,
				Japanese,
				French,
				German,
			);
			mainGroup = 29B97314FDCFA39411CA2CEA /* CustomTemplate */;
			projectDirPath = "";
			projectReferences = (
				{
					ProductGroup = 2538E800123417E500ACB5D7 /* Products */;
					ProjectRef = 2538E7FF123417E500ACB5D7 /* RestKit.xcodeproj */;
				},
			);
			projectRoot = "";
			targets = (
				1D6058900D05DD3D006BFB54 /* RKTwitter */,
			);
		};
/* End PBXProject section */

/* Begin PBXReferenceProxy section */
		25321673133988730099A5DB /* libRestKitJSONParserJSONKit.a */ = {
			isa = PBXReferenceProxy;
			fileType = archive.ar;
			path = libRestKitJSONParserJSONKit.a;
			remoteRef = 25321672133988730099A5DB /* PBXContainerItemProxy */;
			sourceTree = BUILT_PRODUCTS_DIR;
		};
		2538E808123417E500ACB5D7 /* libRestKitThree20.a */ = {
			isa = PBXReferenceProxy;
			fileType = archive.ar;
			path = libRestKitThree20.a;
			remoteRef = 2538E807123417E500ACB5D7 /* PBXContainerItemProxy */;
			sourceTree = BUILT_PRODUCTS_DIR;
		};
		2538E80A123417E500ACB5D7 /* UISpec.app */ = {
			isa = PBXReferenceProxy;
			fileType = wrapper.application;
			path = UISpec.app;
			remoteRef = 2538E809123417E500ACB5D7 /* PBXContainerItemProxy */;
			sourceTree = BUILT_PRODUCTS_DIR;
		};
		25BD44181340331700DBACDD /* libRestKitXMLParserLibxml.a */ = {
			isa = PBXReferenceProxy;
			fileType = archive.ar;
			path = libRestKitXMLParserLibxml.a;
			remoteRef = 25BD44171340331700DBACDD /* PBXContainerItemProxy */;
			sourceTree = BUILT_PRODUCTS_DIR;
		};
		3F3CE2C5125B93780083FDCB /* libRestKitNetwork.a */ = {
			isa = PBXReferenceProxy;
			fileType = archive.ar;
			path = libRestKitNetwork.a;
			remoteRef = 3F3CE2C4125B93780083FDCB /* PBXContainerItemProxy */;
			sourceTree = BUILT_PRODUCTS_DIR;
		};
		3F3CE2C7125B93780083FDCB /* libRestKitObjectMapping.a */ = {
			isa = PBXReferenceProxy;
			fileType = archive.ar;
			path = libRestKitObjectMapping.a;
			remoteRef = 3F3CE2C6125B93780083FDCB /* PBXContainerItemProxy */;
			sourceTree = BUILT_PRODUCTS_DIR;
		};
		3F3CE2C9125B93780083FDCB /* libRestKitSupport.a */ = {
			isa = PBXReferenceProxy;
			fileType = archive.ar;
			path = libRestKitSupport.a;
			remoteRef = 3F3CE2C8125B93780083FDCB /* PBXContainerItemProxy */;
			sourceTree = BUILT_PRODUCTS_DIR;
		};
		3F3CE2CB125B93780083FDCB /* libRestKitJSONParserYAJL.a */ = {
			isa = PBXReferenceProxy;
			fileType = archive.ar;
			path = libRestKitJSONParserYAJL.a;
			remoteRef = 3F3CE2CA125B93780083FDCB /* PBXContainerItemProxy */;
			sourceTree = BUILT_PRODUCTS_DIR;
		};
		3F3CE2CD125B93780083FDCB /* libRestKitJSONParserSBJSON.a */ = {
			isa = PBXReferenceProxy;
			fileType = archive.ar;
			path = libRestKitJSONParserSBJSON.a;
			remoteRef = 3F3CE2CC125B93780083FDCB /* PBXContainerItemProxy */;
			sourceTree = BUILT_PRODUCTS_DIR;
		};
		3F3CE2CF125B93780083FDCB /* libRestKitCoreData.a */ = {
			isa = PBXReferenceProxy;
			fileType = archive.ar;
			path = libRestKitCoreData.a;
			remoteRef = 3F3CE2CE125B93780083FDCB /* PBXContainerItemProxy */;
			sourceTree = BUILT_PRODUCTS_DIR;
		};
/* End PBXReferenceProxy section */

/* Begin PBXResourcesBuildPhase section */
		1D60588D0D05DD3D006BFB54 /* Resources */ = {
			isa = PBXResourcesBuildPhase;
			buildActionMask = 2147483647;
			files = (
				3F3CE3FC125B9A6E0083FDCB /* listbg.png in Resources */,
				3F3CE3FD125B9A6E0083FDCB /* listbg@2x.png in Resources */,
				3F3CE40E125B9B450083FDCB /* BG.png in Resources */,
				3F3CE40F125B9B450083FDCB /* BG@2x.png in Resources */,
				3F3CE410125B9B450083FDCB /* Default.png in Resources */,
				3F3CE411125B9B450083FDCB /* Default@2x.png in Resources */,
			);
			runOnlyForDeploymentPostprocessing = 0;
		};
/* End PBXResourcesBuildPhase section */

/* Begin PBXSourcesBuildPhase section */
		1D60588E0D05DD3D006BFB54 /* Sources */ = {
			isa = PBXSourcesBuildPhase;
			buildActionMask = 2147483647;
			files = (
				1D60589B0D05DD56006BFB54 /* main.m in Sources */,
				1D3623260D0F684500981E51 /* RKTwitterAppDelegate.m in Sources */,
				28D7ACF80DDB3853001CB0EB /* RKTwitterViewController.m in Sources */,
				2538E811123419CA00ACB5D7 /* RKTUser.m in Sources */,
				2538E814123419EC00ACB5D7 /* RKTStatus.m in Sources */,
			);
			runOnlyForDeploymentPostprocessing = 0;
		};
/* End PBXSourcesBuildPhase section */

/* Begin PBXTargetDependency section */
		3F3CE2E4125B93EB0083FDCB /* PBXTargetDependency */ = {
			isa = PBXTargetDependency;
			name = RestKit;
			targetProxy = 3F3CE2E3125B93EB0083FDCB /* PBXContainerItemProxy */;
		};
/* End PBXTargetDependency section */

/* Begin XCBuildConfiguration section */
		1D6058940D05DD3E006BFB54 /* Debug */ = {
			isa = XCBuildConfiguration;
			buildSettings = {
				ALWAYS_SEARCH_USER_PATHS = NO;
				BUILD_STYLE = Debug;
				COPY_PHASE_STRIP = NO;
				GCC_DYNAMIC_NO_PIC = NO;
				GCC_OPTIMIZATION_LEVEL = 0;
				GCC_PRECOMPILE_PREFIX_HEADER = YES;
				GCC_PREFIX_HEADER = RKTwitter_Prefix.pch;
				HEADER_SEARCH_PATHS = ../../Build;
				INFOPLIST_FILE = "Resources/RKTwitter-Info.plist";
				LIBRARY_SEARCH_PATHS = (
					"$(inherited)",
					"\"$(SRCROOT)\"",
				);
				OTHER_LDFLAGS = (
					"-all_load",
					"-ObjC",
				);
				PRODUCT_NAME = RKTwitter;
			};
			name = Debug;
		};
		1D6058950D05DD3E006BFB54 /* Release */ = {
			isa = XCBuildConfiguration;
			buildSettings = {
				ALWAYS_SEARCH_USER_PATHS = NO;
				BUILD_STYLE = Release;
				COPY_PHASE_STRIP = YES;
				GCC_PRECOMPILE_PREFIX_HEADER = YES;
				GCC_PREFIX_HEADER = RKTwitter_Prefix.pch;
				HEADER_SEARCH_PATHS = ../../Build;
				INFOPLIST_FILE = "Resources/RKTwitter-Info.plist";
				LIBRARY_SEARCH_PATHS = (
					"$(inherited)",
					"\"$(SRCROOT)\"",
				);
				OTHER_LDFLAGS = (
					"-all_load",
					"-ObjC",
				);
				PRODUCT_NAME = RKTwitter;
				VALIDATE_PRODUCT = YES;
			};
			name = Release;
		};
		C01FCF4F08A954540054247B /* Debug */ = {
			isa = XCBuildConfiguration;
			buildSettings = {
				ARCHS = "$(ARCHS_STANDARD_32_BIT)";
				BUILD_STYLE = Debug;
				"CODE_SIGN_IDENTITY[sdk=iphoneos*]" = "iPhone Developer";
				GCC_C_LANGUAGE_STANDARD = c99;
				GCC_WARN_ABOUT_RETURN_TYPE = YES;
				GCC_WARN_UNUSED_VARIABLE = YES;
				PREBINDING = NO;
				SDKROOT = iphoneos;
				SYMROOT = Build;
			};
			name = Debug;
		};
		C01FCF5008A954540054247B /* Release */ = {
			isa = XCBuildConfiguration;
			buildSettings = {
				ARCHS = "$(ARCHS_STANDARD_32_BIT)";
				BUILD_STYLE = Release;
				"CODE_SIGN_IDENTITY[sdk=iphoneos*]" = "iPhone Developer";
				GCC_C_LANGUAGE_STANDARD = c99;
				GCC_WARN_ABOUT_RETURN_TYPE = YES;
				GCC_WARN_UNUSED_VARIABLE = YES;
				OTHER_CFLAGS = "-DNS_BLOCK_ASSERTIONS=1";
				PREBINDING = NO;
				SDKROOT = iphoneos;
				SYMROOT = Build;
			};
			name = Release;
		};
/* End XCBuildConfiguration section */

/* Begin XCConfigurationList section */
		1D6058960D05DD3E006BFB54 /* Build configuration list for PBXNativeTarget "RKTwitter" */ = {
			isa = XCConfigurationList;
			buildConfigurations = (
				1D6058940D05DD3E006BFB54 /* Debug */,
				1D6058950D05DD3E006BFB54 /* Release */,
			);
			defaultConfigurationIsVisible = 0;
			defaultConfigurationName = Release;
		};
		C01FCF4E08A954540054247B /* Build configuration list for PBXProject "RKTwitter" */ = {
			isa = XCConfigurationList;
			buildConfigurations = (
				C01FCF4F08A954540054247B /* Debug */,
				C01FCF5008A954540054247B /* Release */,
			);
			defaultConfigurationIsVisible = 0;
			defaultConfigurationName = Release;
		};
/* End XCConfigurationList section */
	};
	rootObject = 29B97313FDCFA39411CA2CEA /* Project object */;
}
